
Microsoft Visual Studio Solution File, Format Version 11.00
# Visual Studio 2010
Project("{CC5FD16D-436D-48AD-A40C-5A424C6E3E79}") = "IppDotDetNevKit-Azure", "IppDotDetNevKit-Azure\IppDotDetNevKit-Azure.ccproj", "{D941A8FD-8529-41BE-B779-5D77B3E5E3EB}"
EndProject
Project("{FAE04EC0-301F-11D3-BF4B-00C04F79EFBC}") = "IppDotNetDevKit-MvcWebRole", "IppDotNetDevKit-MvcWebRole\IppDotNetDevKit-MvcWebRole.csproj", "{80AD73F6-67E0-4C4B-B79D-21D53FE98B18}"
EndProject
Global
	GlobalSection(SolutionConfigurationPlatforms) = preSolution
		Debug|Any CPU = Debug|Any CPU
		Release|Any CPU = Release|Any CPU
	EndGlobalSection
	GlobalSection(ProjectConfigurationPlatforms) = postSolution
		{D941A8FD-8529-41BE-B779-5D77B3E5E3EB}.Debug|Any CPU.ActiveCfg = Debug|Any CPU
		{D941A8FD-8529-41BE-B779-5D77B3E5E3EB}.Debug|Any CPU.Build.0 = Debug|Any CPU
		{D941A8FD-8529-41BE-B779-5D77B3E5E3EB}.Release|Any CPU.ActiveCfg = Release|Any CPU
		{D941A8FD-8529-41BE-B779-5D77B3E5E3EB}.Release|Any CPU.Build.0 = Release|Any CPU
		{80AD73F6-67E0-4C4B-B79D-21D53FE98B18}.Debug|Any CPU.ActiveCfg = Debug|Any CPU
		{80AD73F6-67E0-4C4B-B79D-21D53FE98B18}.Debug|Any CPU.Build.0 = Debug|Any CPU
		{80AD73F6-67E0-4C4B-B79D-21D53FE98B18}.Release|Any CPU.ActiveCfg = Release|Any CPU
		{80AD73F6-67E0-4C4B-B79D-21D53FE98B18}.Release|Any CPU.Build.0 = Release|Any CPU
	EndGlobalSection
	GlobalSection(SolutionProperties) = preSolution
		HideSolutionNode = FALSE
	EndGlobalSection
EndGlobal
