
Microsoft Visual Studio Solution File, Format Version 11.00
# Visual Studio 2010
Project("{CC5FD16D-436D-48AD-A40C-5A424C6E3E79}") = "Intuit.Ipp.Samples.Azure", "Intuit.Ipp.Samples.Azure\Intuit.Ipp.Samples.Azure.ccproj", "{CCB4CBBF-EBF3-41B6-8AA4-9EF7AA879C20}"
EndProject
Project("{FAE04EC0-301F-11D3-BF4B-00C04F79EFBC}") = "Intuit.Ipp.Samples.Mvc4", "Intuit.Ipp.Samples.Mvc4\Intuit.Ipp.Samples.Mvc4.csproj", "{047D67F4-F428-47C6-9F64-9FEDF9478724}"
EndProject
Global
	GlobalSection(SolutionConfigurationPlatforms) = preSolution
		Debug|Any CPU = Debug|Any CPU
		Release|Any CPU = Release|Any CPU
	EndGlobalSection
	GlobalSection(ProjectConfigurationPlatforms) = postSolution
		{CCB4CBBF-EBF3-41B6-8AA4-9EF7AA879C20}.Debug|Any CPU.ActiveCfg = Debug|Any CPU
		{CCB4CBBF-EBF3-41B6-8AA4-9EF7AA879C20}.Debug|Any CPU.Build.0 = Debug|Any CPU
		{CCB4CBBF-EBF3-41B6-8AA4-9EF7AA879C20}.Release|Any CPU.ActiveCfg = Release|Any CPU
		{CCB4CBBF-EBF3-41B6-8AA4-9EF7AA879C20}.Release|Any CPU.Build.0 = Release|Any CPU
		{047D67F4-F428-47C6-9F64-9FEDF9478724}.Debug|Any CPU.ActiveCfg = Debug|Any CPU
		{047D67F4-F428-47C6-9F64-9FEDF9478724}.Debug|Any CPU.Build.0 = Debug|Any CPU
		{047D67F4-F428-47C6-9F64-9FEDF9478724}.Release|Any CPU.ActiveCfg = Release|Any CPU
		{047D67F4-F428-47C6-9F64-9FEDF9478724}.Release|Any CPU.Build.0 = Release|Any CPU
	EndGlobalSection
	GlobalSection(SolutionProperties) = preSolution
		HideSolutionNode = FALSE
	EndGlobalSection
EndGlobal
