
Microsoft Visual Studio Solution File, Format Version 12.00
# Visual Studio 15
VisualStudioVersion = 15.0.26403.7
MinimumVisualStudioVersion = 10.0.40219.1
Project("{FAE04EC0-301F-11D3-BF4B-00C04F79EFBC}") = "SampleAppOAuth2_UsingSDK", "C:\Users\nshrivastava\Documents\GitHub\V3-DotNet-SDK.git\IPPDotNetDevKitCSV3\Samples\SampleAppOAuth2Lib\SampleAppOAuth2_UsingSDK.csproj", "{1F1DB5CD-3464-45A4-8ECE-D5537E09185B}"
EndProject
Global
	GlobalSection(SolutionConfigurationPlatforms) = preSolution
		Debug|Any CPU = Debug|Any CPU
		Release|Any CPU = Release|Any CPU
	EndGlobalSection
	GlobalSection(ProjectConfigurationPlatforms) = postSolution
		{1F1DB5CD-3464-45A4-8ECE-D5537E09185B}.Debug|Any CPU.ActiveCfg = Debug|Any CPU
		{1F1DB5CD-3464-45A4-8ECE-D5537E09185B}.Debug|Any CPU.Build.0 = Debug|Any CPU
		{1F1DB5CD-3464-45A4-8ECE-D5537E09185B}.Release|Any CPU.ActiveCfg = Release|Any CPU
		{1F1DB5CD-3464-45A4-8ECE-D5537E09185B}.Release|Any CPU.Build.0 = Release|Any CPU
	EndGlobalSection
	GlobalSection(SolutionProperties) = preSolution
		HideSolutionNode = FALSE
	EndGlobalSection
EndGlobal
