
Microsoft Visual Studio Solution File, Format Version 12.00
# Visual Studio Version 17
VisualStudioVersion = 17.1.32210.238
MinimumVisualStudioVersion = 10.0.40219.1
Project("{2150E333-8FDC-42A3-9474-1A3956D46DE8}") = "Security", "Security", "{D65F7456-F8DB-4EC0-8C03-C22961C80649}"
EndProject
Project("{2150E333-8FDC-42A3-9474-1A3956D46DE8}") = "Common", "Common", "{8A94E382-5E13-467F-9564-FFE47D0B4646}"
EndProject
Project("{2150E333-8FDC-42A3-9474-1A3956D46DE8}") = "DataService", "DataService", "{697C38AE-D094-4D77-BD08-C15BD1B2BB7B}"
EndProject
Project("{2150E333-8FDC-42A3-9474-1A3956D46DE8}") = "UnitTests", "UnitTests", "{EEB954D6-D751-4E7F-BEC3-8D10CC55FF81}"
EndProject
Project("{9A19103F-16F7-4668-BE54-9A1E7A4F7556}") = "Intuit.Ipp.Diagnostics", "Intuit.Ipp.Diagnostics\Intuit.Ipp.Diagnostics.csproj", "{34F2D8E7-2239-4EE0-AE53-3B8F6B0513BB}"
EndProject
Project("{9A19103F-16F7-4668-BE54-9A1E7A4F7556}") = "Intuit.Ipp.Utility", "Intuit.Ipp.Utility\Intuit.Ipp.Utility.csproj", "{1A06430B-308C-49CF-9620-70D4F7D8A501}"
EndProject
Project("{9A19103F-16F7-4668-BE54-9A1E7A4F7556}") = "Intuit.Ipp.Exception", "Intuit.Ipp.Exception\Intuit.Ipp.Exception.csproj", "{0C815166-B7AC-45DF-AA48-0B026687228E}"
EndProject
Project("{2150E333-8FDC-42A3-9474-1A3956D46DE8}") = "API", "API", "{D1049A30-DC40-4FC8-923D-AF59779D1F94}"
EndProject
Project("{9A19103F-16F7-4668-BE54-9A1E7A4F7556}") = "Intuit.Ipp.DataService", "Intuit.Ipp.DataService\Intuit.Ipp.DataService.csproj", "{2A5A9D95-9CE2-4726-A9E2-606838ABDCD1}"
EndProject
Project("{9A19103F-16F7-4668-BE54-9A1E7A4F7556}") = "Intuit.Ipp.QueryFilter", "Intuit.Ipp.QueryFilter\Intuit.Ipp.QueryFilter.csproj", "{D479AB56-8F3E-4C3E-B641-048B3552DDA9}"
EndProject
Project("{9A19103F-16F7-4668-BE54-9A1E7A4F7556}") = "Intuit.Ipp.Core", "Intuit.Ipp.Core\Intuit.Ipp.Core.csproj", "{2147FC87-D172-40A6-9D54-181515DAF7AC}"
EndProject
Project("{9A19103F-16F7-4668-BE54-9A1E7A4F7556}") = "Intuit.Ipp.Retry", "Intuit.Ipp.Retry\Intuit.Ipp.Retry.csproj", "{12D82D75-ECEE-459D-A820-B6CD95B24449}"
EndProject
Project("{9A19103F-16F7-4668-BE54-9A1E7A4F7556}") = "Intuit.Ipp.Retry.Test", "Intuit.Ipp.Retry.Test\Intuit.Ipp.Retry.Test.csproj", "{D0564333-039B-4FBF-88A9-CD77595F8189}"
EndProject
Project("{9A19103F-16F7-4668-BE54-9A1E7A4F7556}") = "Intuit.Ipp.Diagnostics.Test", "Intuit.Ipp.Diagnostics.Test\Intuit.Ipp.Diagnostics.Test.csproj", "{322AAE96-5564-4721-8F1A-05ED76D42BC1}"
EndProject
Project("{9A19103F-16F7-4668-BE54-9A1E7A4F7556}") = "Intuit.Ipp.Exception.Test", "Intuit.Ipp.Exception.Test\Intuit.Ipp.Exception.Test.csproj", "{84B631F2-2D0B-48EF-8ECF-C4D05372AF0E}"
EndProject
Project("{9A19103F-16F7-4668-BE54-9A1E7A4F7556}") = "Intuit.Ipp.Utility.Test", "Intuit.Ipp.Utility.Test\Intuit.Ipp.Utility.Test.csproj", "{BE2DCB4C-EC1F-4768-8DB3-7FA63131C348}"
EndProject
Project("{9A19103F-16F7-4668-BE54-9A1E7A4F7556}") = "Intuit.Ipp.Core.Test", "Intuit.Ipp.Core.Test\Intuit.Ipp.Core.Test.csproj", "{10551243-DB15-446F-AD98-A69904170BE1}"
EndProject
Project("{9A19103F-16F7-4668-BE54-9A1E7A4F7556}") = "Intuit.Ipp.Security.Test", "Intuit.Ipp.Security.Test\Intuit.Ipp.Security.Test.csproj", "{3C71B0EE-F73F-41A2-A7AD-C1034301CF31}"
EndProject
Project("{9A19103F-16F7-4668-BE54-9A1E7A4F7556}") = "Intuit.Ipp.DataService.Test", "Intuit.Ipp.DataService.Test\Intuit.Ipp.DataService.Test.csproj", "{1581673C-81B0-4795-A7D0-A4D84B3C37CD}"
	ProjectSection(ProjectDependencies) = postProject
		{E54BBDFF-F3FB-4497-ACEC-7BC6F4404F71} = {E54BBDFF-F3FB-4497-ACEC-7BC6F4404F71}
	EndProjectSection
EndProject
Project("{9A19103F-16F7-4668-BE54-9A1E7A4F7556}") = "Intuit.Ipp.Data", "..\Tools\XsdExtension\Intuit.Ipp.Data\Intuit.Ipp.Data.csproj", "{E54BBDFF-F3FB-4497-ACEC-7BC6F4404F71}"
EndProject
Project("{2150E333-8FDC-42A3-9474-1A3956D46DE8}") = "XSD", "XSD", "{711574A5-0FC7-4F42-BBBF-1CEBCF6E7C68}"
EndProject
Project("{9A19103F-16F7-4668-BE54-9A1E7A4F7556}") = "Intuit.Ipp.XsdExtension", "..\Tools\XsdExtension\Intuit.Ipp.XsdExtension\Intuit.Ipp.XsdExtension.csproj", "{B66D0AB3-36DF-4E0A-83E0-772D31C6108C}"
EndProject
Project("{2150E333-8FDC-42A3-9474-1A3956D46DE8}") = "Solution Items", "Solution Items", "{DEC31404-E957-447F-9E31-D80F64D708F5}"
	ProjectSection(SolutionItems) = preProject
		Directory.Build.props = Directory.Build.props
		Local.testsettings = Local.testsettings
		logo.png = logo.png
		TraceAndTestImpact.testsettings = TraceAndTestImpact.testsettings
	EndProjectSection
EndProject
Project("{9A19103F-16F7-4668-BE54-9A1E7A4F7556}") = "Intuit.Ipp.ReportService", "Intuit.Ipp.ReportService\Intuit.Ipp.ReportService.csproj", "{43C587BD-F5EE-46B8-A52A-BBD3CA6C1C74}"
EndProject
Project("{9A19103F-16F7-4668-BE54-9A1E7A4F7556}") = "Intuit.Ipp.ReportService.Test", "Intuit.Ipp.ReportService.Test\Intuit.Ipp.ReportService.Test.csproj", "{9A3AB447-F207-4C6E-AB09-B742FD4610EF}"
	ProjectSection(ProjectDependencies) = postProject
		{43C587BD-F5EE-46B8-A52A-BBD3CA6C1C74} = {43C587BD-F5EE-46B8-A52A-BBD3CA6C1C74}
	EndProjectSection
EndProject
Project("{9A19103F-16F7-4668-BE54-9A1E7A4F7556}") = "Intuit.Ipp.GlobalTaxService", "Intuit.Ipp.GlobalTaxService\Intuit.Ipp.GlobalTaxService.csproj", "{F9091E69-5EB8-4405-A85F-DD4307560C9A}"
EndProject
Project("{9A19103F-16F7-4668-BE54-9A1E7A4F7556}") = "Intuit.Ipp.WebHooksService", "Intuit.Ipp.WebHooksService\Intuit.Ipp.WebHooksService.csproj", "{DD710EE8-17E2-433A-833A-FCC3FB04F9B1}"
EndProject
Project("{9A19103F-16F7-4668-BE54-9A1E7A4F7556}") = "Intuit.Ipp.WebhooksService.Test", "Intuit.Ipp.WebhooksService.Test\Intuit.Ipp.WebhooksService.Test.csproj", "{C7AFAB6A-5A19-4845-85A5-220C848F8F73}"
EndProject
Project("{9A19103F-16F7-4668-BE54-9A1E7A4F7556}") = "Intuit.Ipp.QueryFilter.Test", "Intuit.Ipp.QueryFilter.Test\Intuit.Ipp.QueryFilter.Test.csproj", "{CE6A8BE5-23E1-4BE1-8343-9C48374F7672}"
EndProject
Project("{2150E333-8FDC-42A3-9474-1A3956D46DE8}") = "OAuth2Client", "OAuth2Client", "{1438B09F-C188-4F16-A00B-B037D8DD271C}"
EndProject
Project("{9A19103F-16F7-4668-BE54-9A1E7A4F7556}") = "Intuit.Ipp.OAuth2PlatformClient.Test", "Intuit.Ipp.OAuth2PlatformClient.Test\Intuit.Ipp.OAuth2PlatformClient.Test.csproj", "{6FA32031-6520-4A6F-BFFA-227EEC56B292}"
EndProject
Project("{9A19103F-16F7-4668-BE54-9A1E7A4F7556}") = "Intuit.Ipp.OAuth2PlatformClient", "Intuit.Ipp.OAuth2PlatformClient\Intuit.Ipp.OAuth2PlatformClient.csproj", "{F9C4B669-E10B-44C4-8ED4-85CEAAFC4126}"
EndProject
Project("{9A19103F-16F7-4668-BE54-9A1E7A4F7556}") = "Intuit.Ipp.EntitlementService", "Intuit.Ipp.EntitlementService\Intuit.Ipp.EntitlementService.csproj", "{D183A5CA-B8A4-4286-A765-EED1B148547B}"
	ProjectSection(ProjectDependencies) = postProject
		{1A06430B-308C-49CF-9620-70D4F7D8A501} = {1A06430B-308C-49CF-9620-70D4F7D8A501}
		{0C815166-B7AC-45DF-AA48-0B026687228E} = {0C815166-B7AC-45DF-AA48-0B026687228E}
		{2147FC87-D172-40A6-9D54-181515DAF7AC} = {2147FC87-D172-40A6-9D54-181515DAF7AC}
		{160733CB-F539-4545-BEF4-F57176FD12DE} = {160733CB-F539-4545-BEF4-F57176FD12DE}
		{34F2D8E7-2239-4EE0-AE53-3B8F6B0513BB} = {34F2D8E7-2239-4EE0-AE53-3B8F6B0513BB}
		{E54BBDFF-F3FB-4497-ACEC-7BC6F4404F71} = {E54BBDFF-F3FB-4497-ACEC-7BC6F4404F71}
	EndProjectSection
EndProject
Project("{9A19103F-16F7-4668-BE54-9A1E7A4F7556}") = "Intuit.Ipp.EntitlementService.Test", "Intuit.Ipp.EntitlementService.Test\Intuit.Ipp.EntitlementService.Test.csproj", "{F2A9CA04-DA01-44CA-A18D-704948C836EB}"
EndProject
Project("{9A19103F-16F7-4668-BE54-9A1E7A4F7556}") = "Intuit.Ipp.Security", "Intuit.Ipp.Security\Intuit.Ipp.Security.csproj", "{160733CB-F539-4545-BEF4-F57176FD12DE}"
EndProject
Project("{9A19103F-16F7-4668-BE54-9A1E7A4F7556}") = "Intuit.Ipp.GlobalTaxServiceTest", "Intuit.Ipp.GlobalTaxServiceTest\Intuit.Ipp.GlobalTaxServiceTest.csproj", "{C65E5969-E551-456A-AC79-AA625CC97C7E}"
EndProject
Project("{9A19103F-16F7-4668-BE54-9A1E7A4F7556}") = "Intuit.Ipp.Nupkg", "Intuit.Ipp.Nupkg\Intuit.Ipp.Nupkg.csproj", "{C7499C40-3068-4B1F-921C-3D63DA9A94EC}"
EndProject
Project("{9A19103F-16F7-4668-BE54-9A1E7A4F7556}") = "Intuit.Ipp.OAuth2PlatformClient.Diagnostics", "Intuit.Ipp.OAuth2PlatformClient.Diagnostics\Intuit.Ipp.OAuth2PlatformClient.Diagnostics.csproj", "{494E9C14-07CA-4CF3-AFD8-6C8D68F250C7}"
EndProject
Global
	GlobalSection(SolutionConfigurationPlatforms) = preSolution
		Debug|Any CPU = Debug|Any CPU
		Debug|Mixed Platforms = Debug|Mixed Platforms
		Debug|x86 = Debug|x86
		net461|Any CPU = net461|Any CPU
		net461|Mixed Platforms = net461|Mixed Platforms
		net461|x86 = net461|x86
		net472|Any CPU = net472|Any CPU
		net472|Mixed Platforms = net472|Mixed Platforms
		net472|x86 = net472|x86
		netstandard2.0|Any CPU = netstandard2.0|Any CPU
		netstandard2.0|Mixed Platforms = netstandard2.0|Mixed Platforms
		netstandard2.0|x86 = netstandard2.0|x86
		Release|Any CPU = Release|Any CPU
		Release|Mixed Platforms = Release|Mixed Platforms
		Release|x86 = Release|x86
	EndGlobalSection
	GlobalSection(ProjectConfigurationPlatforms) = postSolution
		{34F2D8E7-2239-4EE0-AE53-3B8F6B0513BB}.Debug|Any CPU.ActiveCfg = Debug|Any CPU
		{34F2D8E7-2239-4EE0-AE53-3B8F6B0513BB}.Debug|Any CPU.Build.0 = Debug|Any CPU
		{34F2D8E7-2239-4EE0-AE53-3B8F6B0513BB}.Debug|Mixed Platforms.ActiveCfg = Debug|Any CPU
		{34F2D8E7-2239-4EE0-AE53-3B8F6B0513BB}.Debug|Mixed Platforms.Build.0 = Debug|Any CPU
		{34F2D8E7-2239-4EE0-AE53-3B8F6B0513BB}.Debug|x86.ActiveCfg = Debug|Any CPU
		{34F2D8E7-2239-4EE0-AE53-3B8F6B0513BB}.net461|Any CPU.ActiveCfg = Release|Any CPU
		{34F2D8E7-2239-4EE0-AE53-3B8F6B0513BB}.net461|Any CPU.Build.0 = Release|Any CPU
		{34F2D8E7-2239-4EE0-AE53-3B8F6B0513BB}.net461|Mixed Platforms.ActiveCfg = Release|Any CPU
		{34F2D8E7-2239-4EE0-AE53-3B8F6B0513BB}.net461|Mixed Platforms.Build.0 = Release|Any CPU
		{34F2D8E7-2239-4EE0-AE53-3B8F6B0513BB}.net461|x86.ActiveCfg = Release|Any CPU
		{34F2D8E7-2239-4EE0-AE53-3B8F6B0513BB}.net461|x86.Build.0 = Release|Any CPU
		{34F2D8E7-2239-4EE0-AE53-3B8F6B0513BB}.net472|Any CPU.ActiveCfg = Release|Any CPU
		{34F2D8E7-2239-4EE0-AE53-3B8F6B0513BB}.net472|Any CPU.Build.0 = Release|Any CPU
		{34F2D8E7-2239-4EE0-AE53-3B8F6B0513BB}.net472|Mixed Platforms.ActiveCfg = Release|Any CPU
		{34F2D8E7-2239-4EE0-AE53-3B8F6B0513BB}.net472|Mixed Platforms.Build.0 = Release|Any CPU
		{34F2D8E7-2239-4EE0-AE53-3B8F6B0513BB}.net472|x86.ActiveCfg = Release|Any CPU
		{34F2D8E7-2239-4EE0-AE53-3B8F6B0513BB}.net472|x86.Build.0 = Release|Any CPU
		{34F2D8E7-2239-4EE0-AE53-3B8F6B0513BB}.netstandard2.0|Any CPU.ActiveCfg = Release|Any CPU
		{34F2D8E7-2239-4EE0-AE53-3B8F6B0513BB}.netstandard2.0|Any CPU.Build.0 = Release|Any CPU
		{34F2D8E7-2239-4EE0-AE53-3B8F6B0513BB}.netstandard2.0|Mixed Platforms.ActiveCfg = Release|Any CPU
		{34F2D8E7-2239-4EE0-AE53-3B8F6B0513BB}.netstandard2.0|Mixed Platforms.Build.0 = Release|Any CPU
		{34F2D8E7-2239-4EE0-AE53-3B8F6B0513BB}.netstandard2.0|x86.ActiveCfg = Release|Any CPU
		{34F2D8E7-2239-4EE0-AE53-3B8F6B0513BB}.netstandard2.0|x86.Build.0 = Release|Any CPU
		{34F2D8E7-2239-4EE0-AE53-3B8F6B0513BB}.Release|Any CPU.ActiveCfg = Release|Any CPU
		{34F2D8E7-2239-4EE0-AE53-3B8F6B0513BB}.Release|Any CPU.Build.0 = Release|Any CPU
		{34F2D8E7-2239-4EE0-AE53-3B8F6B0513BB}.Release|Mixed Platforms.ActiveCfg = Release|Any CPU
		{34F2D8E7-2239-4EE0-AE53-3B8F6B0513BB}.Release|Mixed Platforms.Build.0 = Release|Any CPU
		{34F2D8E7-2239-4EE0-AE53-3B8F6B0513BB}.Release|x86.ActiveCfg = Release|Any CPU
		{1A06430B-308C-49CF-9620-70D4F7D8A501}.Debug|Any CPU.ActiveCfg = Debug|Any CPU
		{1A06430B-308C-49CF-9620-70D4F7D8A501}.Debug|Any CPU.Build.0 = Debug|Any CPU
		{1A06430B-308C-49CF-9620-70D4F7D8A501}.Debug|Mixed Platforms.ActiveCfg = Debug|Any CPU
		{1A06430B-308C-49CF-9620-70D4F7D8A501}.Debug|Mixed Platforms.Build.0 = Debug|Any CPU
		{1A06430B-308C-49CF-9620-70D4F7D8A501}.Debug|x86.ActiveCfg = Debug|Any CPU
		{1A06430B-308C-49CF-9620-70D4F7D8A501}.net461|Any CPU.ActiveCfg = Release|Any CPU
		{1A06430B-308C-49CF-9620-70D4F7D8A501}.net461|Any CPU.Build.0 = Release|Any CPU
		{1A06430B-308C-49CF-9620-70D4F7D8A501}.net461|Mixed Platforms.ActiveCfg = Release|Any CPU
		{1A06430B-308C-49CF-9620-70D4F7D8A501}.net461|Mixed Platforms.Build.0 = Release|Any CPU
		{1A06430B-308C-49CF-9620-70D4F7D8A501}.net461|x86.ActiveCfg = Release|Any CPU
		{1A06430B-308C-49CF-9620-70D4F7D8A501}.net461|x86.Build.0 = Release|Any CPU
		{1A06430B-308C-49CF-9620-70D4F7D8A501}.net472|Any CPU.ActiveCfg = Release|Any CPU
		{1A06430B-308C-49CF-9620-70D4F7D8A501}.net472|Any CPU.Build.0 = Release|Any CPU
		{1A06430B-308C-49CF-9620-70D4F7D8A501}.net472|Mixed Platforms.ActiveCfg = Release|Any CPU
		{1A06430B-308C-49CF-9620-70D4F7D8A501}.net472|Mixed Platforms.Build.0 = Release|Any CPU
		{1A06430B-308C-49CF-9620-70D4F7D8A501}.net472|x86.ActiveCfg = Release|Any CPU
		{1A06430B-308C-49CF-9620-70D4F7D8A501}.net472|x86.Build.0 = Release|Any CPU
		{1A06430B-308C-49CF-9620-70D4F7D8A501}.netstandard2.0|Any CPU.ActiveCfg = Release|Any CPU
		{1A06430B-308C-49CF-9620-70D4F7D8A501}.netstandard2.0|Any CPU.Build.0 = Release|Any CPU
		{1A06430B-308C-49CF-9620-70D4F7D8A501}.netstandard2.0|Mixed Platforms.ActiveCfg = Release|Any CPU
		{1A06430B-308C-49CF-9620-70D4F7D8A501}.netstandard2.0|Mixed Platforms.Build.0 = Release|Any CPU
		{1A06430B-308C-49CF-9620-70D4F7D8A501}.netstandard2.0|x86.ActiveCfg = Release|Any CPU
		{1A06430B-308C-49CF-9620-70D4F7D8A501}.netstandard2.0|x86.Build.0 = Release|Any CPU
		{1A06430B-308C-49CF-9620-70D4F7D8A501}.Release|Any CPU.ActiveCfg = Release|Any CPU
		{1A06430B-308C-49CF-9620-70D4F7D8A501}.Release|Any CPU.Build.0 = Release|Any CPU
		{1A06430B-308C-49CF-9620-70D4F7D8A501}.Release|Mixed Platforms.ActiveCfg = Release|Any CPU
		{1A06430B-308C-49CF-9620-70D4F7D8A501}.Release|Mixed Platforms.Build.0 = Release|Any CPU
		{1A06430B-308C-49CF-9620-70D4F7D8A501}.Release|x86.ActiveCfg = Release|Any CPU
		{0C815166-B7AC-45DF-AA48-0B026687228E}.Debug|Any CPU.ActiveCfg = Debug|Any CPU
		{0C815166-B7AC-45DF-AA48-0B026687228E}.Debug|Any CPU.Build.0 = Debug|Any CPU
		{0C815166-B7AC-45DF-AA48-0B026687228E}.Debug|Mixed Platforms.ActiveCfg = Debug|Any CPU
		{0C815166-B7AC-45DF-AA48-0B026687228E}.Debug|Mixed Platforms.Build.0 = Debug|Any CPU
		{0C815166-B7AC-45DF-AA48-0B026687228E}.Debug|x86.ActiveCfg = Debug|Any CPU
		{0C815166-B7AC-45DF-AA48-0B026687228E}.net461|Any CPU.ActiveCfg = Release|Any CPU
		{0C815166-B7AC-45DF-AA48-0B026687228E}.net461|Any CPU.Build.0 = Release|Any CPU
		{0C815166-B7AC-45DF-AA48-0B026687228E}.net461|Mixed Platforms.ActiveCfg = Release|Any CPU
		{0C815166-B7AC-45DF-AA48-0B026687228E}.net461|Mixed Platforms.Build.0 = Release|Any CPU
		{0C815166-B7AC-45DF-AA48-0B026687228E}.net461|x86.ActiveCfg = Release|Any CPU
		{0C815166-B7AC-45DF-AA48-0B026687228E}.net461|x86.Build.0 = Release|Any CPU
		{0C815166-B7AC-45DF-AA48-0B026687228E}.net472|Any CPU.ActiveCfg = Release|Any CPU
		{0C815166-B7AC-45DF-AA48-0B026687228E}.net472|Any CPU.Build.0 = Release|Any CPU
		{0C815166-B7AC-45DF-AA48-0B026687228E}.net472|Mixed Platforms.ActiveCfg = Release|Any CPU
		{0C815166-B7AC-45DF-AA48-0B026687228E}.net472|Mixed Platforms.Build.0 = Release|Any CPU
		{0C815166-B7AC-45DF-AA48-0B026687228E}.net472|x86.ActiveCfg = Release|Any CPU
		{0C815166-B7AC-45DF-AA48-0B026687228E}.net472|x86.Build.0 = Release|Any CPU
		{0C815166-B7AC-45DF-AA48-0B026687228E}.netstandard2.0|Any CPU.ActiveCfg = Release|Any CPU
		{0C815166-B7AC-45DF-AA48-0B026687228E}.netstandard2.0|Any CPU.Build.0 = Release|Any CPU
		{0C815166-B7AC-45DF-AA48-0B026687228E}.netstandard2.0|Mixed Platforms.ActiveCfg = Release|Any CPU
		{0C815166-B7AC-45DF-AA48-0B026687228E}.netstandard2.0|Mixed Platforms.Build.0 = Release|Any CPU
		{0C815166-B7AC-45DF-AA48-0B026687228E}.netstandard2.0|x86.ActiveCfg = Release|Any CPU
		{0C815166-B7AC-45DF-AA48-0B026687228E}.netstandard2.0|x86.Build.0 = Release|Any CPU
		{0C815166-B7AC-45DF-AA48-0B026687228E}.Release|Any CPU.ActiveCfg = Release|Any CPU
		{0C815166-B7AC-45DF-AA48-0B026687228E}.Release|Any CPU.Build.0 = Release|Any CPU
		{0C815166-B7AC-45DF-AA48-0B026687228E}.Release|Mixed Platforms.ActiveCfg = Release|Any CPU
		{0C815166-B7AC-45DF-AA48-0B026687228E}.Release|Mixed Platforms.Build.0 = Release|Any CPU
		{0C815166-B7AC-45DF-AA48-0B026687228E}.Release|x86.ActiveCfg = Release|Any CPU
		{2A5A9D95-9CE2-4726-A9E2-606838ABDCD1}.Debug|Any CPU.ActiveCfg = Debug|Any CPU
		{2A5A9D95-9CE2-4726-A9E2-606838ABDCD1}.Debug|Any CPU.Build.0 = Debug|Any CPU
		{2A5A9D95-9CE2-4726-A9E2-606838ABDCD1}.Debug|Mixed Platforms.ActiveCfg = Debug|Any CPU
		{2A5A9D95-9CE2-4726-A9E2-606838ABDCD1}.Debug|Mixed Platforms.Build.0 = Debug|Any CPU
		{2A5A9D95-9CE2-4726-A9E2-606838ABDCD1}.Debug|x86.ActiveCfg = Debug|Any CPU
		{2A5A9D95-9CE2-4726-A9E2-606838ABDCD1}.net461|Any CPU.ActiveCfg = Release|Any CPU
		{2A5A9D95-9CE2-4726-A9E2-606838ABDCD1}.net461|Any CPU.Build.0 = Release|Any CPU
		{2A5A9D95-9CE2-4726-A9E2-606838ABDCD1}.net461|Mixed Platforms.ActiveCfg = Release|Any CPU
		{2A5A9D95-9CE2-4726-A9E2-606838ABDCD1}.net461|Mixed Platforms.Build.0 = Release|Any CPU
		{2A5A9D95-9CE2-4726-A9E2-606838ABDCD1}.net461|x86.ActiveCfg = Release|Any CPU
		{2A5A9D95-9CE2-4726-A9E2-606838ABDCD1}.net461|x86.Build.0 = Release|Any CPU
		{2A5A9D95-9CE2-4726-A9E2-606838ABDCD1}.net472|Any CPU.ActiveCfg = Release|Any CPU
		{2A5A9D95-9CE2-4726-A9E2-606838ABDCD1}.net472|Any CPU.Build.0 = Release|Any CPU
		{2A5A9D95-9CE2-4726-A9E2-606838ABDCD1}.net472|Mixed Platforms.ActiveCfg = Release|Any CPU
		{2A5A9D95-9CE2-4726-A9E2-606838ABDCD1}.net472|Mixed Platforms.Build.0 = Release|Any CPU
		{2A5A9D95-9CE2-4726-A9E2-606838ABDCD1}.net472|x86.ActiveCfg = Release|Any CPU
		{2A5A9D95-9CE2-4726-A9E2-606838ABDCD1}.net472|x86.Build.0 = Release|Any CPU
		{2A5A9D95-9CE2-4726-A9E2-606838ABDCD1}.netstandard2.0|Any CPU.ActiveCfg = Release|Any CPU
		{2A5A9D95-9CE2-4726-A9E2-606838ABDCD1}.netstandard2.0|Any CPU.Build.0 = Release|Any CPU
		{2A5A9D95-9CE2-4726-A9E2-606838ABDCD1}.netstandard2.0|Mixed Platforms.ActiveCfg = Release|Any CPU
		{2A5A9D95-9CE2-4726-A9E2-606838ABDCD1}.netstandard2.0|Mixed Platforms.Build.0 = Release|Any CPU
		{2A5A9D95-9CE2-4726-A9E2-606838ABDCD1}.netstandard2.0|x86.ActiveCfg = Release|Any CPU
		{2A5A9D95-9CE2-4726-A9E2-606838ABDCD1}.netstandard2.0|x86.Build.0 = Release|Any CPU
		{2A5A9D95-9CE2-4726-A9E2-606838ABDCD1}.Release|Any CPU.ActiveCfg = Release|Any CPU
		{2A5A9D95-9CE2-4726-A9E2-606838ABDCD1}.Release|Any CPU.Build.0 = Release|Any CPU
		{2A5A9D95-9CE2-4726-A9E2-606838ABDCD1}.Release|Mixed Platforms.ActiveCfg = Release|Any CPU
		{2A5A9D95-9CE2-4726-A9E2-606838ABDCD1}.Release|Mixed Platforms.Build.0 = Release|Any CPU
		{2A5A9D95-9CE2-4726-A9E2-606838ABDCD1}.Release|x86.ActiveCfg = Release|Any CPU
		{D479AB56-8F3E-4C3E-B641-048B3552DDA9}.Debug|Any CPU.ActiveCfg = Debug|Any CPU
		{D479AB56-8F3E-4C3E-B641-048B3552DDA9}.Debug|Any CPU.Build.0 = Debug|Any CPU
		{D479AB56-8F3E-4C3E-B641-048B3552DDA9}.Debug|Mixed Platforms.ActiveCfg = Debug|Any CPU
		{D479AB56-8F3E-4C3E-B641-048B3552DDA9}.Debug|Mixed Platforms.Build.0 = Debug|Any CPU
		{D479AB56-8F3E-4C3E-B641-048B3552DDA9}.Debug|x86.ActiveCfg = Debug|Any CPU
		{D479AB56-8F3E-4C3E-B641-048B3552DDA9}.net461|Any CPU.ActiveCfg = Release|Any CPU
		{D479AB56-8F3E-4C3E-B641-048B3552DDA9}.net461|Any CPU.Build.0 = Release|Any CPU
		{D479AB56-8F3E-4C3E-B641-048B3552DDA9}.net461|Mixed Platforms.ActiveCfg = Release|Any CPU
		{D479AB56-8F3E-4C3E-B641-048B3552DDA9}.net461|Mixed Platforms.Build.0 = Release|Any CPU
		{D479AB56-8F3E-4C3E-B641-048B3552DDA9}.net461|x86.ActiveCfg = Release|Any CPU
		{D479AB56-8F3E-4C3E-B641-048B3552DDA9}.net461|x86.Build.0 = Release|Any CPU
		{D479AB56-8F3E-4C3E-B641-048B3552DDA9}.net472|Any CPU.ActiveCfg = Release|Any CPU
		{D479AB56-8F3E-4C3E-B641-048B3552DDA9}.net472|Any CPU.Build.0 = Release|Any CPU
		{D479AB56-8F3E-4C3E-B641-048B3552DDA9}.net472|Mixed Platforms.ActiveCfg = Release|Any CPU
		{D479AB56-8F3E-4C3E-B641-048B3552DDA9}.net472|Mixed Platforms.Build.0 = Release|Any CPU
		{D479AB56-8F3E-4C3E-B641-048B3552DDA9}.net472|x86.ActiveCfg = Release|Any CPU
		{D479AB56-8F3E-4C3E-B641-048B3552DDA9}.net472|x86.Build.0 = Release|Any CPU
		{D479AB56-8F3E-4C3E-B641-048B3552DDA9}.netstandard2.0|Any CPU.ActiveCfg = Release|Any CPU
		{D479AB56-8F3E-4C3E-B641-048B3552DDA9}.netstandard2.0|Any CPU.Build.0 = Release|Any CPU
		{D479AB56-8F3E-4C3E-B641-048B3552DDA9}.netstandard2.0|Mixed Platforms.ActiveCfg = Release|Any CPU
		{D479AB56-8F3E-4C3E-B641-048B3552DDA9}.netstandard2.0|Mixed Platforms.Build.0 = Release|Any CPU
		{D479AB56-8F3E-4C3E-B641-048B3552DDA9}.netstandard2.0|x86.ActiveCfg = Release|Any CPU
		{D479AB56-8F3E-4C3E-B641-048B3552DDA9}.netstandard2.0|x86.Build.0 = Release|Any CPU
		{D479AB56-8F3E-4C3E-B641-048B3552DDA9}.Release|Any CPU.ActiveCfg = Release|Any CPU
		{D479AB56-8F3E-4C3E-B641-048B3552DDA9}.Release|Any CPU.Build.0 = Release|Any CPU
		{D479AB56-8F3E-4C3E-B641-048B3552DDA9}.Release|Mixed Platforms.ActiveCfg = Release|Any CPU
		{D479AB56-8F3E-4C3E-B641-048B3552DDA9}.Release|Mixed Platforms.Build.0 = Release|Any CPU
		{D479AB56-8F3E-4C3E-B641-048B3552DDA9}.Release|x86.ActiveCfg = Release|Any CPU
		{2147FC87-D172-40A6-9D54-181515DAF7AC}.Debug|Any CPU.ActiveCfg = Debug|Any CPU
		{2147FC87-D172-40A6-9D54-181515DAF7AC}.Debug|Any CPU.Build.0 = Debug|Any CPU
		{2147FC87-D172-40A6-9D54-181515DAF7AC}.Debug|Mixed Platforms.ActiveCfg = Debug|Any CPU
		{2147FC87-D172-40A6-9D54-181515DAF7AC}.Debug|Mixed Platforms.Build.0 = Debug|Any CPU
		{2147FC87-D172-40A6-9D54-181515DAF7AC}.Debug|x86.ActiveCfg = Debug|Any CPU
		{2147FC87-D172-40A6-9D54-181515DAF7AC}.net461|Any CPU.ActiveCfg = Release|Any CPU
		{2147FC87-D172-40A6-9D54-181515DAF7AC}.net461|Any CPU.Build.0 = Release|Any CPU
		{2147FC87-D172-40A6-9D54-181515DAF7AC}.net461|Mixed Platforms.ActiveCfg = Release|Any CPU
		{2147FC87-D172-40A6-9D54-181515DAF7AC}.net461|Mixed Platforms.Build.0 = Release|Any CPU
		{2147FC87-D172-40A6-9D54-181515DAF7AC}.net461|x86.ActiveCfg = Release|Any CPU
		{2147FC87-D172-40A6-9D54-181515DAF7AC}.net461|x86.Build.0 = Release|Any CPU
		{2147FC87-D172-40A6-9D54-181515DAF7AC}.net472|Any CPU.ActiveCfg = Release|Any CPU
		{2147FC87-D172-40A6-9D54-181515DAF7AC}.net472|Any CPU.Build.0 = Release|Any CPU
		{2147FC87-D172-40A6-9D54-181515DAF7AC}.net472|Mixed Platforms.ActiveCfg = Release|Any CPU
		{2147FC87-D172-40A6-9D54-181515DAF7AC}.net472|Mixed Platforms.Build.0 = Release|Any CPU
		{2147FC87-D172-40A6-9D54-181515DAF7AC}.net472|x86.ActiveCfg = Release|Any CPU
		{2147FC87-D172-40A6-9D54-181515DAF7AC}.net472|x86.Build.0 = Release|Any CPU
		{2147FC87-D172-40A6-9D54-181515DAF7AC}.netstandard2.0|Any CPU.ActiveCfg = Release|Any CPU
		{2147FC87-D172-40A6-9D54-181515DAF7AC}.netstandard2.0|Any CPU.Build.0 = Release|Any CPU
		{2147FC87-D172-40A6-9D54-181515DAF7AC}.netstandard2.0|Mixed Platforms.ActiveCfg = Release|Any CPU
		{2147FC87-D172-40A6-9D54-181515DAF7AC}.netstandard2.0|Mixed Platforms.Build.0 = Release|Any CPU
		{2147FC87-D172-40A6-9D54-181515DAF7AC}.netstandard2.0|x86.ActiveCfg = Release|Any CPU
		{2147FC87-D172-40A6-9D54-181515DAF7AC}.netstandard2.0|x86.Build.0 = Release|Any CPU
		{2147FC87-D172-40A6-9D54-181515DAF7AC}.Release|Any CPU.ActiveCfg = Release|Any CPU
		{2147FC87-D172-40A6-9D54-181515DAF7AC}.Release|Any CPU.Build.0 = Release|Any CPU
		{2147FC87-D172-40A6-9D54-181515DAF7AC}.Release|Mixed Platforms.ActiveCfg = Release|Any CPU
		{2147FC87-D172-40A6-9D54-181515DAF7AC}.Release|Mixed Platforms.Build.0 = Release|Any CPU
		{2147FC87-D172-40A6-9D54-181515DAF7AC}.Release|x86.ActiveCfg = Release|Any CPU
		{12D82D75-ECEE-459D-A820-B6CD95B24449}.Debug|Any CPU.ActiveCfg = Debug|Any CPU
		{12D82D75-ECEE-459D-A820-B6CD95B24449}.Debug|Any CPU.Build.0 = Debug|Any CPU
		{12D82D75-ECEE-459D-A820-B6CD95B24449}.Debug|Mixed Platforms.ActiveCfg = Debug|Any CPU
		{12D82D75-ECEE-459D-A820-B6CD95B24449}.Debug|Mixed Platforms.Build.0 = Debug|Any CPU
		{12D82D75-ECEE-459D-A820-B6CD95B24449}.Debug|x86.ActiveCfg = Debug|Any CPU
		{12D82D75-ECEE-459D-A820-B6CD95B24449}.net461|Any CPU.ActiveCfg = Release|Any CPU
		{12D82D75-ECEE-459D-A820-B6CD95B24449}.net461|Any CPU.Build.0 = Release|Any CPU
		{12D82D75-ECEE-459D-A820-B6CD95B24449}.net461|Mixed Platforms.ActiveCfg = Release|Any CPU
		{12D82D75-ECEE-459D-A820-B6CD95B24449}.net461|Mixed Platforms.Build.0 = Release|Any CPU
		{12D82D75-ECEE-459D-A820-B6CD95B24449}.net461|x86.ActiveCfg = Release|Any CPU
		{12D82D75-ECEE-459D-A820-B6CD95B24449}.net461|x86.Build.0 = Release|Any CPU
		{12D82D75-ECEE-459D-A820-B6CD95B24449}.net472|Any CPU.ActiveCfg = Release|Any CPU
		{12D82D75-ECEE-459D-A820-B6CD95B24449}.net472|Any CPU.Build.0 = Release|Any CPU
		{12D82D75-ECEE-459D-A820-B6CD95B24449}.net472|Mixed Platforms.ActiveCfg = Release|Any CPU
		{12D82D75-ECEE-459D-A820-B6CD95B24449}.net472|Mixed Platforms.Build.0 = Release|Any CPU
		{12D82D75-ECEE-459D-A820-B6CD95B24449}.net472|x86.ActiveCfg = Release|Any CPU
		{12D82D75-ECEE-459D-A820-B6CD95B24449}.net472|x86.Build.0 = Release|Any CPU
		{12D82D75-ECEE-459D-A820-B6CD95B24449}.netstandard2.0|Any CPU.ActiveCfg = Release|Any CPU
		{12D82D75-ECEE-459D-A820-B6CD95B24449}.netstandard2.0|Any CPU.Build.0 = Release|Any CPU
		{12D82D75-ECEE-459D-A820-B6CD95B24449}.netstandard2.0|Mixed Platforms.ActiveCfg = Release|Any CPU
		{12D82D75-ECEE-459D-A820-B6CD95B24449}.netstandard2.0|Mixed Platforms.Build.0 = Release|Any CPU
		{12D82D75-ECEE-459D-A820-B6CD95B24449}.netstandard2.0|x86.ActiveCfg = Release|Any CPU
		{12D82D75-ECEE-459D-A820-B6CD95B24449}.netstandard2.0|x86.Build.0 = Release|Any CPU
		{12D82D75-ECEE-459D-A820-B6CD95B24449}.Release|Any CPU.ActiveCfg = Release|Any CPU
		{12D82D75-ECEE-459D-A820-B6CD95B24449}.Release|Any CPU.Build.0 = Release|Any CPU
		{12D82D75-ECEE-459D-A820-B6CD95B24449}.Release|Mixed Platforms.ActiveCfg = Release|Any CPU
		{12D82D75-ECEE-459D-A820-B6CD95B24449}.Release|Mixed Platforms.Build.0 = Release|Any CPU
		{12D82D75-ECEE-459D-A820-B6CD95B24449}.Release|x86.ActiveCfg = Release|Any CPU
		{D0564333-039B-4FBF-88A9-CD77595F8189}.Debug|Any CPU.ActiveCfg = Debug|Any CPU
		{D0564333-039B-4FBF-88A9-CD77595F8189}.Debug|Any CPU.Build.0 = Debug|Any CPU
		{D0564333-039B-4FBF-88A9-CD77595F8189}.Debug|Mixed Platforms.ActiveCfg = Debug|Any CPU
		{D0564333-039B-4FBF-88A9-CD77595F8189}.Debug|Mixed Platforms.Build.0 = Debug|Any CPU
		{D0564333-039B-4FBF-88A9-CD77595F8189}.Debug|x86.ActiveCfg = Debug|Any CPU
		{D0564333-039B-4FBF-88A9-CD77595F8189}.net461|Any CPU.ActiveCfg = Release|Any CPU
		{D0564333-039B-4FBF-88A9-CD77595F8189}.net461|Any CPU.Build.0 = Release|Any CPU
		{D0564333-039B-4FBF-88A9-CD77595F8189}.net461|Mixed Platforms.ActiveCfg = Release|Any CPU
		{D0564333-039B-4FBF-88A9-CD77595F8189}.net461|Mixed Platforms.Build.0 = Release|Any CPU
		{D0564333-039B-4FBF-88A9-CD77595F8189}.net461|x86.ActiveCfg = Release|Any CPU
		{D0564333-039B-4FBF-88A9-CD77595F8189}.net461|x86.Build.0 = Release|Any CPU
		{D0564333-039B-4FBF-88A9-CD77595F8189}.net472|Any CPU.ActiveCfg = Release|Any CPU
		{D0564333-039B-4FBF-88A9-CD77595F8189}.net472|Any CPU.Build.0 = Release|Any CPU
		{D0564333-039B-4FBF-88A9-CD77595F8189}.net472|Mixed Platforms.ActiveCfg = Release|Any CPU
		{D0564333-039B-4FBF-88A9-CD77595F8189}.net472|Mixed Platforms.Build.0 = Release|Any CPU
		{D0564333-039B-4FBF-88A9-CD77595F8189}.net472|x86.ActiveCfg = Release|Any CPU
		{D0564333-039B-4FBF-88A9-CD77595F8189}.net472|x86.Build.0 = Release|Any CPU
		{D0564333-039B-4FBF-88A9-CD77595F8189}.netstandard2.0|Any CPU.ActiveCfg = Release|Any CPU
		{D0564333-039B-4FBF-88A9-CD77595F8189}.netstandard2.0|Any CPU.Build.0 = Release|Any CPU
		{D0564333-039B-4FBF-88A9-CD77595F8189}.netstandard2.0|Mixed Platforms.ActiveCfg = Release|Any CPU
		{D0564333-039B-4FBF-88A9-CD77595F8189}.netstandard2.0|Mixed Platforms.Build.0 = Release|Any CPU
		{D0564333-039B-4FBF-88A9-CD77595F8189}.netstandard2.0|x86.ActiveCfg = Release|Any CPU
		{D0564333-039B-4FBF-88A9-CD77595F8189}.netstandard2.0|x86.Build.0 = Release|Any CPU
		{D0564333-039B-4FBF-88A9-CD77595F8189}.Release|Any CPU.ActiveCfg = Release|Any CPU
		{D0564333-039B-4FBF-88A9-CD77595F8189}.Release|Any CPU.Build.0 = Release|Any CPU
		{D0564333-039B-4FBF-88A9-CD77595F8189}.Release|Mixed Platforms.ActiveCfg = Release|Any CPU
		{D0564333-039B-4FBF-88A9-CD77595F8189}.Release|Mixed Platforms.Build.0 = Release|Any CPU
		{D0564333-039B-4FBF-88A9-CD77595F8189}.Release|x86.ActiveCfg = Release|Any CPU
		{322AAE96-5564-4721-8F1A-05ED76D42BC1}.Debug|Any CPU.ActiveCfg = Debug|Any CPU
		{322AAE96-5564-4721-8F1A-05ED76D42BC1}.Debug|Any CPU.Build.0 = Debug|Any CPU
		{322AAE96-5564-4721-8F1A-05ED76D42BC1}.Debug|Mixed Platforms.ActiveCfg = Debug|Any CPU
		{322AAE96-5564-4721-8F1A-05ED76D42BC1}.Debug|Mixed Platforms.Build.0 = Debug|Any CPU
		{322AAE96-5564-4721-8F1A-05ED76D42BC1}.Debug|x86.ActiveCfg = Debug|Any CPU
		{322AAE96-5564-4721-8F1A-05ED76D42BC1}.net461|Any CPU.ActiveCfg = Release|Any CPU
		{322AAE96-5564-4721-8F1A-05ED76D42BC1}.net461|Any CPU.Build.0 = Release|Any CPU
		{322AAE96-5564-4721-8F1A-05ED76D42BC1}.net461|Mixed Platforms.ActiveCfg = Release|Any CPU
		{322AAE96-5564-4721-8F1A-05ED76D42BC1}.net461|Mixed Platforms.Build.0 = Release|Any CPU
		{322AAE96-5564-4721-8F1A-05ED76D42BC1}.net461|x86.ActiveCfg = Release|Any CPU
		{322AAE96-5564-4721-8F1A-05ED76D42BC1}.net461|x86.Build.0 = Release|Any CPU
		{322AAE96-5564-4721-8F1A-05ED76D42BC1}.net472|Any CPU.ActiveCfg = Release|Any CPU
		{322AAE96-5564-4721-8F1A-05ED76D42BC1}.net472|Any CPU.Build.0 = Release|Any CPU
		{322AAE96-5564-4721-8F1A-05ED76D42BC1}.net472|Mixed Platforms.ActiveCfg = Release|Any CPU
		{322AAE96-5564-4721-8F1A-05ED76D42BC1}.net472|Mixed Platforms.Build.0 = Release|Any CPU
		{322AAE96-5564-4721-8F1A-05ED76D42BC1}.net472|x86.ActiveCfg = Release|Any CPU
		{322AAE96-5564-4721-8F1A-05ED76D42BC1}.net472|x86.Build.0 = Release|Any CPU
		{322AAE96-5564-4721-8F1A-05ED76D42BC1}.netstandard2.0|Any CPU.ActiveCfg = Release|Any CPU
		{322AAE96-5564-4721-8F1A-05ED76D42BC1}.netstandard2.0|Any CPU.Build.0 = Release|Any CPU
		{322AAE96-5564-4721-8F1A-05ED76D42BC1}.netstandard2.0|Mixed Platforms.ActiveCfg = Release|Any CPU
		{322AAE96-5564-4721-8F1A-05ED76D42BC1}.netstandard2.0|Mixed Platforms.Build.0 = Release|Any CPU
		{322AAE96-5564-4721-8F1A-05ED76D42BC1}.netstandard2.0|x86.ActiveCfg = Release|Any CPU
		{322AAE96-5564-4721-8F1A-05ED76D42BC1}.netstandard2.0|x86.Build.0 = Release|Any CPU
		{322AAE96-5564-4721-8F1A-05ED76D42BC1}.Release|Any CPU.ActiveCfg = Release|Any CPU
		{322AAE96-5564-4721-8F1A-05ED76D42BC1}.Release|Any CPU.Build.0 = Release|Any CPU
		{322AAE96-5564-4721-8F1A-05ED76D42BC1}.Release|Mixed Platforms.ActiveCfg = Release|Any CPU
		{322AAE96-5564-4721-8F1A-05ED76D42BC1}.Release|Mixed Platforms.Build.0 = Release|Any CPU
		{322AAE96-5564-4721-8F1A-05ED76D42BC1}.Release|x86.ActiveCfg = Release|Any CPU
		{84B631F2-2D0B-48EF-8ECF-C4D05372AF0E}.Debug|Any CPU.ActiveCfg = Debug|Any CPU
		{84B631F2-2D0B-48EF-8ECF-C4D05372AF0E}.Debug|Any CPU.Build.0 = Debug|Any CPU
		{84B631F2-2D0B-48EF-8ECF-C4D05372AF0E}.Debug|Mixed Platforms.ActiveCfg = Debug|Any CPU
		{84B631F2-2D0B-48EF-8ECF-C4D05372AF0E}.Debug|Mixed Platforms.Build.0 = Debug|Any CPU
		{84B631F2-2D0B-48EF-8ECF-C4D05372AF0E}.Debug|x86.ActiveCfg = Debug|Any CPU
		{84B631F2-2D0B-48EF-8ECF-C4D05372AF0E}.net461|Any CPU.ActiveCfg = Release|Any CPU
		{84B631F2-2D0B-48EF-8ECF-C4D05372AF0E}.net461|Any CPU.Build.0 = Release|Any CPU
		{84B631F2-2D0B-48EF-8ECF-C4D05372AF0E}.net461|Mixed Platforms.ActiveCfg = Release|Any CPU
		{84B631F2-2D0B-48EF-8ECF-C4D05372AF0E}.net461|Mixed Platforms.Build.0 = Release|Any CPU
		{84B631F2-2D0B-48EF-8ECF-C4D05372AF0E}.net461|x86.ActiveCfg = Release|Any CPU
		{84B631F2-2D0B-48EF-8ECF-C4D05372AF0E}.net461|x86.Build.0 = Release|Any CPU
		{84B631F2-2D0B-48EF-8ECF-C4D05372AF0E}.net472|Any CPU.ActiveCfg = Release|Any CPU
		{84B631F2-2D0B-48EF-8ECF-C4D05372AF0E}.net472|Any CPU.Build.0 = Release|Any CPU
		{84B631F2-2D0B-48EF-8ECF-C4D05372AF0E}.net472|Mixed Platforms.ActiveCfg = Release|Any CPU
		{84B631F2-2D0B-48EF-8ECF-C4D05372AF0E}.net472|Mixed Platforms.Build.0 = Release|Any CPU
		{84B631F2-2D0B-48EF-8ECF-C4D05372AF0E}.net472|x86.ActiveCfg = Release|Any CPU
		{84B631F2-2D0B-48EF-8ECF-C4D05372AF0E}.net472|x86.Build.0 = Release|Any CPU
		{84B631F2-2D0B-48EF-8ECF-C4D05372AF0E}.netstandard2.0|Any CPU.ActiveCfg = Release|Any CPU
		{84B631F2-2D0B-48EF-8ECF-C4D05372AF0E}.netstandard2.0|Any CPU.Build.0 = Release|Any CPU
		{84B631F2-2D0B-48EF-8ECF-C4D05372AF0E}.netstandard2.0|Mixed Platforms.ActiveCfg = Release|Any CPU
		{84B631F2-2D0B-48EF-8ECF-C4D05372AF0E}.netstandard2.0|Mixed Platforms.Build.0 = Release|Any CPU
		{84B631F2-2D0B-48EF-8ECF-C4D05372AF0E}.netstandard2.0|x86.ActiveCfg = Release|Any CPU
		{84B631F2-2D0B-48EF-8ECF-C4D05372AF0E}.netstandard2.0|x86.Build.0 = Release|Any CPU
		{84B631F2-2D0B-48EF-8ECF-C4D05372AF0E}.Release|Any CPU.ActiveCfg = Release|Any CPU
		{84B631F2-2D0B-48EF-8ECF-C4D05372AF0E}.Release|Any CPU.Build.0 = Release|Any CPU
		{84B631F2-2D0B-48EF-8ECF-C4D05372AF0E}.Release|Mixed Platforms.ActiveCfg = Release|Any CPU
		{84B631F2-2D0B-48EF-8ECF-C4D05372AF0E}.Release|Mixed Platforms.Build.0 = Release|Any CPU
		{84B631F2-2D0B-48EF-8ECF-C4D05372AF0E}.Release|x86.ActiveCfg = Release|Any CPU
		{BE2DCB4C-EC1F-4768-8DB3-7FA63131C348}.Debug|Any CPU.ActiveCfg = Debug|Any CPU
		{BE2DCB4C-EC1F-4768-8DB3-7FA63131C348}.Debug|Any CPU.Build.0 = Debug|Any CPU
		{BE2DCB4C-EC1F-4768-8DB3-7FA63131C348}.Debug|Mixed Platforms.ActiveCfg = Debug|Any CPU
		{BE2DCB4C-EC1F-4768-8DB3-7FA63131C348}.Debug|Mixed Platforms.Build.0 = Debug|Any CPU
		{BE2DCB4C-EC1F-4768-8DB3-7FA63131C348}.Debug|x86.ActiveCfg = Debug|Any CPU
		{BE2DCB4C-EC1F-4768-8DB3-7FA63131C348}.net461|Any CPU.ActiveCfg = Release|Any CPU
		{BE2DCB4C-EC1F-4768-8DB3-7FA63131C348}.net461|Any CPU.Build.0 = Release|Any CPU
		{BE2DCB4C-EC1F-4768-8DB3-7FA63131C348}.net461|Mixed Platforms.ActiveCfg = Release|Any CPU
		{BE2DCB4C-EC1F-4768-8DB3-7FA63131C348}.net461|Mixed Platforms.Build.0 = Release|Any CPU
		{BE2DCB4C-EC1F-4768-8DB3-7FA63131C348}.net461|x86.ActiveCfg = Release|Any CPU
		{BE2DCB4C-EC1F-4768-8DB3-7FA63131C348}.net461|x86.Build.0 = Release|Any CPU
		{BE2DCB4C-EC1F-4768-8DB3-7FA63131C348}.net472|Any CPU.ActiveCfg = Release|Any CPU
		{BE2DCB4C-EC1F-4768-8DB3-7FA63131C348}.net472|Any CPU.Build.0 = Release|Any CPU
		{BE2DCB4C-EC1F-4768-8DB3-7FA63131C348}.net472|Mixed Platforms.ActiveCfg = Release|Any CPU
		{BE2DCB4C-EC1F-4768-8DB3-7FA63131C348}.net472|Mixed Platforms.Build.0 = Release|Any CPU
		{BE2DCB4C-EC1F-4768-8DB3-7FA63131C348}.net472|x86.ActiveCfg = Release|Any CPU
		{BE2DCB4C-EC1F-4768-8DB3-7FA63131C348}.net472|x86.Build.0 = Release|Any CPU
		{BE2DCB4C-EC1F-4768-8DB3-7FA63131C348}.netstandard2.0|Any CPU.ActiveCfg = Release|Any CPU
		{BE2DCB4C-EC1F-4768-8DB3-7FA63131C348}.netstandard2.0|Any CPU.Build.0 = Release|Any CPU
		{BE2DCB4C-EC1F-4768-8DB3-7FA63131C348}.netstandard2.0|Mixed Platforms.ActiveCfg = Release|Any CPU
		{BE2DCB4C-EC1F-4768-8DB3-7FA63131C348}.netstandard2.0|Mixed Platforms.Build.0 = Release|Any CPU
		{BE2DCB4C-EC1F-4768-8DB3-7FA63131C348}.netstandard2.0|x86.ActiveCfg = Release|Any CPU
		{BE2DCB4C-EC1F-4768-8DB3-7FA63131C348}.netstandard2.0|x86.Build.0 = Release|Any CPU
		{BE2DCB4C-EC1F-4768-8DB3-7FA63131C348}.Release|Any CPU.ActiveCfg = Release|Any CPU
		{BE2DCB4C-EC1F-4768-8DB3-7FA63131C348}.Release|Any CPU.Build.0 = Release|Any CPU
		{BE2DCB4C-EC1F-4768-8DB3-7FA63131C348}.Release|Mixed Platforms.ActiveCfg = Release|Any CPU
		{BE2DCB4C-EC1F-4768-8DB3-7FA63131C348}.Release|Mixed Platforms.Build.0 = Release|Any CPU
		{BE2DCB4C-EC1F-4768-8DB3-7FA63131C348}.Release|x86.ActiveCfg = Release|Any CPU
		{10551243-DB15-446F-AD98-A69904170BE1}.Debug|Any CPU.ActiveCfg = Debug|Any CPU
		{10551243-DB15-446F-AD98-A69904170BE1}.Debug|Any CPU.Build.0 = Debug|Any CPU
		{10551243-DB15-446F-AD98-A69904170BE1}.Debug|Mixed Platforms.ActiveCfg = Debug|Any CPU
		{10551243-DB15-446F-AD98-A69904170BE1}.Debug|Mixed Platforms.Build.0 = Debug|Any CPU
		{10551243-DB15-446F-AD98-A69904170BE1}.Debug|x86.ActiveCfg = Debug|Any CPU
		{10551243-DB15-446F-AD98-A69904170BE1}.net461|Any CPU.ActiveCfg = Release|Any CPU
		{10551243-DB15-446F-AD98-A69904170BE1}.net461|Any CPU.Build.0 = Release|Any CPU
		{10551243-DB15-446F-AD98-A69904170BE1}.net461|Mixed Platforms.ActiveCfg = Release|Any CPU
		{10551243-DB15-446F-AD98-A69904170BE1}.net461|Mixed Platforms.Build.0 = Release|Any CPU
		{10551243-DB15-446F-AD98-A69904170BE1}.net461|x86.ActiveCfg = Release|Any CPU
		{10551243-DB15-446F-AD98-A69904170BE1}.net461|x86.Build.0 = Release|Any CPU
		{10551243-DB15-446F-AD98-A69904170BE1}.net472|Any CPU.ActiveCfg = Release|Any CPU
		{10551243-DB15-446F-AD98-A69904170BE1}.net472|Any CPU.Build.0 = Release|Any CPU
		{10551243-DB15-446F-AD98-A69904170BE1}.net472|Mixed Platforms.ActiveCfg = Release|Any CPU
		{10551243-DB15-446F-AD98-A69904170BE1}.net472|Mixed Platforms.Build.0 = Release|Any CPU
		{10551243-DB15-446F-AD98-A69904170BE1}.net472|x86.ActiveCfg = Release|Any CPU
		{10551243-DB15-446F-AD98-A69904170BE1}.net472|x86.Build.0 = Release|Any CPU
		{10551243-DB15-446F-AD98-A69904170BE1}.netstandard2.0|Any CPU.ActiveCfg = Release|Any CPU
		{10551243-DB15-446F-AD98-A69904170BE1}.netstandard2.0|Any CPU.Build.0 = Release|Any CPU
		{10551243-DB15-446F-AD98-A69904170BE1}.netstandard2.0|Mixed Platforms.ActiveCfg = Release|Any CPU
		{10551243-DB15-446F-AD98-A69904170BE1}.netstandard2.0|Mixed Platforms.Build.0 = Release|Any CPU
		{10551243-DB15-446F-AD98-A69904170BE1}.netstandard2.0|x86.ActiveCfg = Release|Any CPU
		{10551243-DB15-446F-AD98-A69904170BE1}.netstandard2.0|x86.Build.0 = Release|Any CPU
		{10551243-DB15-446F-AD98-A69904170BE1}.Release|Any CPU.ActiveCfg = Release|Any CPU
		{10551243-DB15-446F-AD98-A69904170BE1}.Release|Any CPU.Build.0 = Release|Any CPU
		{10551243-DB15-446F-AD98-A69904170BE1}.Release|Mixed Platforms.ActiveCfg = Release|Any CPU
		{10551243-DB15-446F-AD98-A69904170BE1}.Release|Mixed Platforms.Build.0 = Release|Any CPU
		{10551243-DB15-446F-AD98-A69904170BE1}.Release|x86.ActiveCfg = Release|Any CPU
		{3C71B0EE-F73F-41A2-A7AD-C1034301CF31}.Debug|Any CPU.ActiveCfg = Debug|Any CPU
		{3C71B0EE-F73F-41A2-A7AD-C1034301CF31}.Debug|Any CPU.Build.0 = Debug|Any CPU
		{3C71B0EE-F73F-41A2-A7AD-C1034301CF31}.Debug|Mixed Platforms.ActiveCfg = Debug|Any CPU
		{3C71B0EE-F73F-41A2-A7AD-C1034301CF31}.Debug|Mixed Platforms.Build.0 = Debug|Any CPU
		{3C71B0EE-F73F-41A2-A7AD-C1034301CF31}.Debug|x86.ActiveCfg = Debug|Any CPU
		{3C71B0EE-F73F-41A2-A7AD-C1034301CF31}.net461|Any CPU.ActiveCfg = Release|Any CPU
		{3C71B0EE-F73F-41A2-A7AD-C1034301CF31}.net461|Any CPU.Build.0 = Release|Any CPU
		{3C71B0EE-F73F-41A2-A7AD-C1034301CF31}.net461|Mixed Platforms.ActiveCfg = Release|Any CPU
		{3C71B0EE-F73F-41A2-A7AD-C1034301CF31}.net461|Mixed Platforms.Build.0 = Release|Any CPU
		{3C71B0EE-F73F-41A2-A7AD-C1034301CF31}.net461|x86.ActiveCfg = Release|Any CPU
		{3C71B0EE-F73F-41A2-A7AD-C1034301CF31}.net461|x86.Build.0 = Release|Any CPU
		{3C71B0EE-F73F-41A2-A7AD-C1034301CF31}.net472|Any CPU.ActiveCfg = Release|Any CPU
		{3C71B0EE-F73F-41A2-A7AD-C1034301CF31}.net472|Any CPU.Build.0 = Release|Any CPU
		{3C71B0EE-F73F-41A2-A7AD-C1034301CF31}.net472|Mixed Platforms.ActiveCfg = Release|Any CPU
		{3C71B0EE-F73F-41A2-A7AD-C1034301CF31}.net472|Mixed Platforms.Build.0 = Release|Any CPU
		{3C71B0EE-F73F-41A2-A7AD-C1034301CF31}.net472|x86.ActiveCfg = Release|Any CPU
		{3C71B0EE-F73F-41A2-A7AD-C1034301CF31}.net472|x86.Build.0 = Release|Any CPU
		{3C71B0EE-F73F-41A2-A7AD-C1034301CF31}.netstandard2.0|Any CPU.ActiveCfg = Release|Any CPU
		{3C71B0EE-F73F-41A2-A7AD-C1034301CF31}.netstandard2.0|Any CPU.Build.0 = Release|Any CPU
		{3C71B0EE-F73F-41A2-A7AD-C1034301CF31}.netstandard2.0|Mixed Platforms.ActiveCfg = Release|Any CPU
		{3C71B0EE-F73F-41A2-A7AD-C1034301CF31}.netstandard2.0|Mixed Platforms.Build.0 = Release|Any CPU
		{3C71B0EE-F73F-41A2-A7AD-C1034301CF31}.netstandard2.0|x86.ActiveCfg = Release|Any CPU
		{3C71B0EE-F73F-41A2-A7AD-C1034301CF31}.netstandard2.0|x86.Build.0 = Release|Any CPU
		{3C71B0EE-F73F-41A2-A7AD-C1034301CF31}.Release|Any CPU.ActiveCfg = Release|Any CPU
		{3C71B0EE-F73F-41A2-A7AD-C1034301CF31}.Release|Any CPU.Build.0 = Release|Any CPU
		{3C71B0EE-F73F-41A2-A7AD-C1034301CF31}.Release|Mixed Platforms.ActiveCfg = Release|Any CPU
		{3C71B0EE-F73F-41A2-A7AD-C1034301CF31}.Release|Mixed Platforms.Build.0 = Release|Any CPU
		{3C71B0EE-F73F-41A2-A7AD-C1034301CF31}.Release|x86.ActiveCfg = Release|Any CPU
		{1581673C-81B0-4795-A7D0-A4D84B3C37CD}.Debug|Any CPU.ActiveCfg = Debug|Any CPU
		{1581673C-81B0-4795-A7D0-A4D84B3C37CD}.Debug|Any CPU.Build.0 = Debug|Any CPU
		{1581673C-81B0-4795-A7D0-A4D84B3C37CD}.Debug|Mixed Platforms.ActiveCfg = Debug|Any CPU
		{1581673C-81B0-4795-A7D0-A4D84B3C37CD}.Debug|Mixed Platforms.Build.0 = Debug|Any CPU
		{1581673C-81B0-4795-A7D0-A4D84B3C37CD}.Debug|x86.ActiveCfg = Debug|Any CPU
		{1581673C-81B0-4795-A7D0-A4D84B3C37CD}.net461|Any CPU.ActiveCfg = Release|Any CPU
		{1581673C-81B0-4795-A7D0-A4D84B3C37CD}.net461|Any CPU.Build.0 = Release|Any CPU
		{1581673C-81B0-4795-A7D0-A4D84B3C37CD}.net461|Mixed Platforms.ActiveCfg = Release|Any CPU
		{1581673C-81B0-4795-A7D0-A4D84B3C37CD}.net461|Mixed Platforms.Build.0 = Release|Any CPU
		{1581673C-81B0-4795-A7D0-A4D84B3C37CD}.net461|x86.ActiveCfg = Release|Any CPU
		{1581673C-81B0-4795-A7D0-A4D84B3C37CD}.net461|x86.Build.0 = Release|Any CPU
		{1581673C-81B0-4795-A7D0-A4D84B3C37CD}.net472|Any CPU.ActiveCfg = Release|Any CPU
		{1581673C-81B0-4795-A7D0-A4D84B3C37CD}.net472|Any CPU.Build.0 = Release|Any CPU
		{1581673C-81B0-4795-A7D0-A4D84B3C37CD}.net472|Mixed Platforms.ActiveCfg = Release|Any CPU
		{1581673C-81B0-4795-A7D0-A4D84B3C37CD}.net472|Mixed Platforms.Build.0 = Release|Any CPU
		{1581673C-81B0-4795-A7D0-A4D84B3C37CD}.net472|x86.ActiveCfg = Release|Any CPU
		{1581673C-81B0-4795-A7D0-A4D84B3C37CD}.net472|x86.Build.0 = Release|Any CPU
		{1581673C-81B0-4795-A7D0-A4D84B3C37CD}.netstandard2.0|Any CPU.ActiveCfg = Release|Any CPU
		{1581673C-81B0-4795-A7D0-A4D84B3C37CD}.netstandard2.0|Any CPU.Build.0 = Release|Any CPU
		{1581673C-81B0-4795-A7D0-A4D84B3C37CD}.netstandard2.0|Mixed Platforms.ActiveCfg = Release|Any CPU
		{1581673C-81B0-4795-A7D0-A4D84B3C37CD}.netstandard2.0|Mixed Platforms.Build.0 = Release|Any CPU
		{1581673C-81B0-4795-A7D0-A4D84B3C37CD}.netstandard2.0|x86.ActiveCfg = Release|Any CPU
		{1581673C-81B0-4795-A7D0-A4D84B3C37CD}.netstandard2.0|x86.Build.0 = Release|Any CPU
		{1581673C-81B0-4795-A7D0-A4D84B3C37CD}.Release|Any CPU.ActiveCfg = Release|Any CPU
		{1581673C-81B0-4795-A7D0-A4D84B3C37CD}.Release|Any CPU.Build.0 = Release|Any CPU
		{1581673C-81B0-4795-A7D0-A4D84B3C37CD}.Release|Mixed Platforms.ActiveCfg = Release|Any CPU
		{1581673C-81B0-4795-A7D0-A4D84B3C37CD}.Release|Mixed Platforms.Build.0 = Release|Any CPU
		{1581673C-81B0-4795-A7D0-A4D84B3C37CD}.Release|x86.ActiveCfg = Release|Any CPU
		{E54BBDFF-F3FB-4497-ACEC-7BC6F4404F71}.Debug|Any CPU.ActiveCfg = Debug|Any CPU
		{E54BBDFF-F3FB-4497-ACEC-7BC6F4404F71}.Debug|Any CPU.Build.0 = Debug|Any CPU
		{E54BBDFF-F3FB-4497-ACEC-7BC6F4404F71}.Debug|Mixed Platforms.ActiveCfg = Debug|Any CPU
		{E54BBDFF-F3FB-4497-ACEC-7BC6F4404F71}.Debug|Mixed Platforms.Build.0 = Debug|Any CPU
		{E54BBDFF-F3FB-4497-ACEC-7BC6F4404F71}.Debug|x86.ActiveCfg = Debug|Any CPU
		{E54BBDFF-F3FB-4497-ACEC-7BC6F4404F71}.net461|Any CPU.ActiveCfg = Release|Any CPU
		{E54BBDFF-F3FB-4497-ACEC-7BC6F4404F71}.net461|Any CPU.Build.0 = Release|Any CPU
		{E54BBDFF-F3FB-4497-ACEC-7BC6F4404F71}.net461|Mixed Platforms.ActiveCfg = Release|Any CPU
		{E54BBDFF-F3FB-4497-ACEC-7BC6F4404F71}.net461|Mixed Platforms.Build.0 = Release|Any CPU
		{E54BBDFF-F3FB-4497-ACEC-7BC6F4404F71}.net461|x86.ActiveCfg = Release|Any CPU
		{E54BBDFF-F3FB-4497-ACEC-7BC6F4404F71}.net461|x86.Build.0 = Release|Any CPU
		{E54BBDFF-F3FB-4497-ACEC-7BC6F4404F71}.net472|Any CPU.ActiveCfg = Release|Any CPU
		{E54BBDFF-F3FB-4497-ACEC-7BC6F4404F71}.net472|Any CPU.Build.0 = Release|Any CPU
		{E54BBDFF-F3FB-4497-ACEC-7BC6F4404F71}.net472|Mixed Platforms.ActiveCfg = Release|Any CPU
		{E54BBDFF-F3FB-4497-ACEC-7BC6F4404F71}.net472|Mixed Platforms.Build.0 = Release|Any CPU
		{E54BBDFF-F3FB-4497-ACEC-7BC6F4404F71}.net472|x86.ActiveCfg = Release|Any CPU
		{E54BBDFF-F3FB-4497-ACEC-7BC6F4404F71}.net472|x86.Build.0 = Release|Any CPU
		{E54BBDFF-F3FB-4497-ACEC-7BC6F4404F71}.netstandard2.0|Any CPU.ActiveCfg = Release|Any CPU
		{E54BBDFF-F3FB-4497-ACEC-7BC6F4404F71}.netstandard2.0|Any CPU.Build.0 = Release|Any CPU
		{E54BBDFF-F3FB-4497-ACEC-7BC6F4404F71}.netstandard2.0|Mixed Platforms.ActiveCfg = Release|Any CPU
		{E54BBDFF-F3FB-4497-ACEC-7BC6F4404F71}.netstandard2.0|Mixed Platforms.Build.0 = Release|Any CPU
		{E54BBDFF-F3FB-4497-ACEC-7BC6F4404F71}.netstandard2.0|x86.ActiveCfg = Release|Any CPU
		{E54BBDFF-F3FB-4497-ACEC-7BC6F4404F71}.netstandard2.0|x86.Build.0 = Release|Any CPU
		{E54BBDFF-F3FB-4497-ACEC-7BC6F4404F71}.Release|Any CPU.ActiveCfg = Release|Any CPU
		{E54BBDFF-F3FB-4497-ACEC-7BC6F4404F71}.Release|Any CPU.Build.0 = Release|Any CPU
		{E54BBDFF-F3FB-4497-ACEC-7BC6F4404F71}.Release|Mixed Platforms.ActiveCfg = Release|Any CPU
		{E54BBDFF-F3FB-4497-ACEC-7BC6F4404F71}.Release|Mixed Platforms.Build.0 = Release|Any CPU
		{E54BBDFF-F3FB-4497-ACEC-7BC6F4404F71}.Release|x86.ActiveCfg = Release|Any CPU
		{B66D0AB3-36DF-4E0A-83E0-772D31C6108C}.Debug|Any CPU.ActiveCfg = Debug|Any CPU
		{B66D0AB3-36DF-4E0A-83E0-772D31C6108C}.Debug|Any CPU.Build.0 = Debug|Any CPU
		{B66D0AB3-36DF-4E0A-83E0-772D31C6108C}.Debug|Mixed Platforms.ActiveCfg = Debug|Any CPU
		{B66D0AB3-36DF-4E0A-83E0-772D31C6108C}.Debug|Mixed Platforms.Build.0 = Debug|Any CPU
		{B66D0AB3-36DF-4E0A-83E0-772D31C6108C}.Debug|x86.ActiveCfg = Debug|Any CPU
		{B66D0AB3-36DF-4E0A-83E0-772D31C6108C}.net461|Any CPU.ActiveCfg = Release|Any CPU
		{B66D0AB3-36DF-4E0A-83E0-772D31C6108C}.net461|Any CPU.Build.0 = Release|Any CPU
		{B66D0AB3-36DF-4E0A-83E0-772D31C6108C}.net461|Mixed Platforms.ActiveCfg = Release|Any CPU
		{B66D0AB3-36DF-4E0A-83E0-772D31C6108C}.net461|Mixed Platforms.Build.0 = Release|Any CPU
		{B66D0AB3-36DF-4E0A-83E0-772D31C6108C}.net461|x86.ActiveCfg = Release|Any CPU
		{B66D0AB3-36DF-4E0A-83E0-772D31C6108C}.net461|x86.Build.0 = Release|Any CPU
		{B66D0AB3-36DF-4E0A-83E0-772D31C6108C}.net472|Any CPU.ActiveCfg = Release|Any CPU
		{B66D0AB3-36DF-4E0A-83E0-772D31C6108C}.net472|Any CPU.Build.0 = Release|Any CPU
		{B66D0AB3-36DF-4E0A-83E0-772D31C6108C}.net472|Mixed Platforms.ActiveCfg = Release|Any CPU
		{B66D0AB3-36DF-4E0A-83E0-772D31C6108C}.net472|Mixed Platforms.Build.0 = Release|Any CPU
		{B66D0AB3-36DF-4E0A-83E0-772D31C6108C}.net472|x86.ActiveCfg = Release|Any CPU
		{B66D0AB3-36DF-4E0A-83E0-772D31C6108C}.net472|x86.Build.0 = Release|Any CPU
		{B66D0AB3-36DF-4E0A-83E0-772D31C6108C}.netstandard2.0|Any CPU.ActiveCfg = Release|Any CPU
		{B66D0AB3-36DF-4E0A-83E0-772D31C6108C}.netstandard2.0|Any CPU.Build.0 = Release|Any CPU
		{B66D0AB3-36DF-4E0A-83E0-772D31C6108C}.netstandard2.0|Mixed Platforms.ActiveCfg = Release|Any CPU
		{B66D0AB3-36DF-4E0A-83E0-772D31C6108C}.netstandard2.0|Mixed Platforms.Build.0 = Release|Any CPU
		{B66D0AB3-36DF-4E0A-83E0-772D31C6108C}.netstandard2.0|x86.ActiveCfg = Release|Any CPU
		{B66D0AB3-36DF-4E0A-83E0-772D31C6108C}.netstandard2.0|x86.Build.0 = Release|Any CPU
		{B66D0AB3-36DF-4E0A-83E0-772D31C6108C}.Release|Any CPU.ActiveCfg = Release|Any CPU
		{B66D0AB3-36DF-4E0A-83E0-772D31C6108C}.Release|Any CPU.Build.0 = Release|Any CPU
		{B66D0AB3-36DF-4E0A-83E0-772D31C6108C}.Release|Mixed Platforms.ActiveCfg = Release|Any CPU
		{B66D0AB3-36DF-4E0A-83E0-772D31C6108C}.Release|Mixed Platforms.Build.0 = Release|Any CPU
		{B66D0AB3-36DF-4E0A-83E0-772D31C6108C}.Release|x86.ActiveCfg = Release|Any CPU
		{43C587BD-F5EE-46B8-A52A-BBD3CA6C1C74}.Debug|Any CPU.ActiveCfg = Debug|Any CPU
		{43C587BD-F5EE-46B8-A52A-BBD3CA6C1C74}.Debug|Any CPU.Build.0 = Debug|Any CPU
		{43C587BD-F5EE-46B8-A52A-BBD3CA6C1C74}.Debug|Mixed Platforms.ActiveCfg = Debug|Any CPU
		{43C587BD-F5EE-46B8-A52A-BBD3CA6C1C74}.Debug|Mixed Platforms.Build.0 = Debug|Any CPU
		{43C587BD-F5EE-46B8-A52A-BBD3CA6C1C74}.Debug|x86.ActiveCfg = Debug|Any CPU
		{43C587BD-F5EE-46B8-A52A-BBD3CA6C1C74}.net461|Any CPU.ActiveCfg = Release|Any CPU
		{43C587BD-F5EE-46B8-A52A-BBD3CA6C1C74}.net461|Any CPU.Build.0 = Release|Any CPU
		{43C587BD-F5EE-46B8-A52A-BBD3CA6C1C74}.net461|Mixed Platforms.ActiveCfg = Release|Any CPU
		{43C587BD-F5EE-46B8-A52A-BBD3CA6C1C74}.net461|Mixed Platforms.Build.0 = Release|Any CPU
		{43C587BD-F5EE-46B8-A52A-BBD3CA6C1C74}.net461|x86.ActiveCfg = Release|Any CPU
		{43C587BD-F5EE-46B8-A52A-BBD3CA6C1C74}.net461|x86.Build.0 = Release|Any CPU
		{43C587BD-F5EE-46B8-A52A-BBD3CA6C1C74}.net472|Any CPU.ActiveCfg = Release|Any CPU
		{43C587BD-F5EE-46B8-A52A-BBD3CA6C1C74}.net472|Any CPU.Build.0 = Release|Any CPU
		{43C587BD-F5EE-46B8-A52A-BBD3CA6C1C74}.net472|Mixed Platforms.ActiveCfg = Release|Any CPU
		{43C587BD-F5EE-46B8-A52A-BBD3CA6C1C74}.net472|Mixed Platforms.Build.0 = Release|Any CPU
		{43C587BD-F5EE-46B8-A52A-BBD3CA6C1C74}.net472|x86.ActiveCfg = Release|Any CPU
		{43C587BD-F5EE-46B8-A52A-BBD3CA6C1C74}.net472|x86.Build.0 = Release|Any CPU
		{43C587BD-F5EE-46B8-A52A-BBD3CA6C1C74}.netstandard2.0|Any CPU.ActiveCfg = Release|Any CPU
		{43C587BD-F5EE-46B8-A52A-BBD3CA6C1C74}.netstandard2.0|Any CPU.Build.0 = Release|Any CPU
		{43C587BD-F5EE-46B8-A52A-BBD3CA6C1C74}.netstandard2.0|Mixed Platforms.ActiveCfg = Release|Any CPU
		{43C587BD-F5EE-46B8-A52A-BBD3CA6C1C74}.netstandard2.0|Mixed Platforms.Build.0 = Release|Any CPU
		{43C587BD-F5EE-46B8-A52A-BBD3CA6C1C74}.netstandard2.0|x86.ActiveCfg = Release|Any CPU
		{43C587BD-F5EE-46B8-A52A-BBD3CA6C1C74}.netstandard2.0|x86.Build.0 = Release|Any CPU
		{43C587BD-F5EE-46B8-A52A-BBD3CA6C1C74}.Release|Any CPU.ActiveCfg = Release|Any CPU
		{43C587BD-F5EE-46B8-A52A-BBD3CA6C1C74}.Release|Any CPU.Build.0 = Release|Any CPU
		{43C587BD-F5EE-46B8-A52A-BBD3CA6C1C74}.Release|Mixed Platforms.ActiveCfg = Release|Any CPU
		{43C587BD-F5EE-46B8-A52A-BBD3CA6C1C74}.Release|Mixed Platforms.Build.0 = Release|Any CPU
		{43C587BD-F5EE-46B8-A52A-BBD3CA6C1C74}.Release|x86.ActiveCfg = Release|Any CPU
		{9A3AB447-F207-4C6E-AB09-B742FD4610EF}.Debug|Any CPU.ActiveCfg = Debug|Any CPU
		{9A3AB447-F207-4C6E-AB09-B742FD4610EF}.Debug|Any CPU.Build.0 = Debug|Any CPU
		{9A3AB447-F207-4C6E-AB09-B742FD4610EF}.Debug|Mixed Platforms.ActiveCfg = Debug|Any CPU
		{9A3AB447-F207-4C6E-AB09-B742FD4610EF}.Debug|Mixed Platforms.Build.0 = Debug|Any CPU
		{9A3AB447-F207-4C6E-AB09-B742FD4610EF}.Debug|x86.ActiveCfg = Debug|Any CPU
		{9A3AB447-F207-4C6E-AB09-B742FD4610EF}.net461|Any CPU.ActiveCfg = Release|Any CPU
		{9A3AB447-F207-4C6E-AB09-B742FD4610EF}.net461|Any CPU.Build.0 = Release|Any CPU
		{9A3AB447-F207-4C6E-AB09-B742FD4610EF}.net461|Mixed Platforms.ActiveCfg = Release|Any CPU
		{9A3AB447-F207-4C6E-AB09-B742FD4610EF}.net461|Mixed Platforms.Build.0 = Release|Any CPU
		{9A3AB447-F207-4C6E-AB09-B742FD4610EF}.net461|x86.ActiveCfg = Release|Any CPU
		{9A3AB447-F207-4C6E-AB09-B742FD4610EF}.net461|x86.Build.0 = Release|Any CPU
		{9A3AB447-F207-4C6E-AB09-B742FD4610EF}.net472|Any CPU.ActiveCfg = Release|Any CPU
		{9A3AB447-F207-4C6E-AB09-B742FD4610EF}.net472|Any CPU.Build.0 = Release|Any CPU
		{9A3AB447-F207-4C6E-AB09-B742FD4610EF}.net472|Mixed Platforms.ActiveCfg = Release|Any CPU
		{9A3AB447-F207-4C6E-AB09-B742FD4610EF}.net472|Mixed Platforms.Build.0 = Release|Any CPU
		{9A3AB447-F207-4C6E-AB09-B742FD4610EF}.net472|x86.ActiveCfg = Release|Any CPU
		{9A3AB447-F207-4C6E-AB09-B742FD4610EF}.net472|x86.Build.0 = Release|Any CPU
		{9A3AB447-F207-4C6E-AB09-B742FD4610EF}.netstandard2.0|Any CPU.ActiveCfg = Release|Any CPU
		{9A3AB447-F207-4C6E-AB09-B742FD4610EF}.netstandard2.0|Any CPU.Build.0 = Release|Any CPU
		{9A3AB447-F207-4C6E-AB09-B742FD4610EF}.netstandard2.0|Mixed Platforms.ActiveCfg = Release|Any CPU
		{9A3AB447-F207-4C6E-AB09-B742FD4610EF}.netstandard2.0|Mixed Platforms.Build.0 = Release|Any CPU
		{9A3AB447-F207-4C6E-AB09-B742FD4610EF}.netstandard2.0|x86.ActiveCfg = Release|Any CPU
		{9A3AB447-F207-4C6E-AB09-B742FD4610EF}.netstandard2.0|x86.Build.0 = Release|Any CPU
		{9A3AB447-F207-4C6E-AB09-B742FD4610EF}.Release|Any CPU.ActiveCfg = Release|Any CPU
		{9A3AB447-F207-4C6E-AB09-B742FD4610EF}.Release|Any CPU.Build.0 = Release|Any CPU
		{9A3AB447-F207-4C6E-AB09-B742FD4610EF}.Release|Mixed Platforms.ActiveCfg = Release|Any CPU
		{9A3AB447-F207-4C6E-AB09-B742FD4610EF}.Release|Mixed Platforms.Build.0 = Release|Any CPU
		{9A3AB447-F207-4C6E-AB09-B742FD4610EF}.Release|x86.ActiveCfg = Release|Any CPU
		{F9091E69-5EB8-4405-A85F-DD4307560C9A}.Debug|Any CPU.ActiveCfg = Debug|Any CPU
		{F9091E69-5EB8-4405-A85F-DD4307560C9A}.Debug|Any CPU.Build.0 = Debug|Any CPU
		{F9091E69-5EB8-4405-A85F-DD4307560C9A}.Debug|Mixed Platforms.ActiveCfg = Debug|Any CPU
		{F9091E69-5EB8-4405-A85F-DD4307560C9A}.Debug|Mixed Platforms.Build.0 = Debug|Any CPU
		{F9091E69-5EB8-4405-A85F-DD4307560C9A}.Debug|x86.ActiveCfg = Debug|Any CPU
		{F9091E69-5EB8-4405-A85F-DD4307560C9A}.net461|Any CPU.ActiveCfg = Release|Any CPU
		{F9091E69-5EB8-4405-A85F-DD4307560C9A}.net461|Any CPU.Build.0 = Release|Any CPU
		{F9091E69-5EB8-4405-A85F-DD4307560C9A}.net461|Mixed Platforms.ActiveCfg = Release|Any CPU
		{F9091E69-5EB8-4405-A85F-DD4307560C9A}.net461|Mixed Platforms.Build.0 = Release|Any CPU
		{F9091E69-5EB8-4405-A85F-DD4307560C9A}.net461|x86.ActiveCfg = Release|Any CPU
		{F9091E69-5EB8-4405-A85F-DD4307560C9A}.net461|x86.Build.0 = Release|Any CPU
		{F9091E69-5EB8-4405-A85F-DD4307560C9A}.net472|Any CPU.ActiveCfg = Release|Any CPU
		{F9091E69-5EB8-4405-A85F-DD4307560C9A}.net472|Any CPU.Build.0 = Release|Any CPU
		{F9091E69-5EB8-4405-A85F-DD4307560C9A}.net472|Mixed Platforms.ActiveCfg = Release|Any CPU
		{F9091E69-5EB8-4405-A85F-DD4307560C9A}.net472|Mixed Platforms.Build.0 = Release|Any CPU
		{F9091E69-5EB8-4405-A85F-DD4307560C9A}.net472|x86.ActiveCfg = Release|Any CPU
		{F9091E69-5EB8-4405-A85F-DD4307560C9A}.net472|x86.Build.0 = Release|Any CPU
		{F9091E69-5EB8-4405-A85F-DD4307560C9A}.netstandard2.0|Any CPU.ActiveCfg = Release|Any CPU
		{F9091E69-5EB8-4405-A85F-DD4307560C9A}.netstandard2.0|Any CPU.Build.0 = Release|Any CPU
		{F9091E69-5EB8-4405-A85F-DD4307560C9A}.netstandard2.0|Mixed Platforms.ActiveCfg = Release|Any CPU
		{F9091E69-5EB8-4405-A85F-DD4307560C9A}.netstandard2.0|Mixed Platforms.Build.0 = Release|Any CPU
		{F9091E69-5EB8-4405-A85F-DD4307560C9A}.netstandard2.0|x86.ActiveCfg = Release|Any CPU
		{F9091E69-5EB8-4405-A85F-DD4307560C9A}.netstandard2.0|x86.Build.0 = Release|Any CPU
		{F9091E69-5EB8-4405-A85F-DD4307560C9A}.Release|Any CPU.ActiveCfg = Release|Any CPU
		{F9091E69-5EB8-4405-A85F-DD4307560C9A}.Release|Any CPU.Build.0 = Release|Any CPU
		{F9091E69-5EB8-4405-A85F-DD4307560C9A}.Release|Mixed Platforms.ActiveCfg = Release|Any CPU
		{F9091E69-5EB8-4405-A85F-DD4307560C9A}.Release|Mixed Platforms.Build.0 = Release|Any CPU
		{F9091E69-5EB8-4405-A85F-DD4307560C9A}.Release|x86.ActiveCfg = Release|Any CPU
		{DD710EE8-17E2-433A-833A-FCC3FB04F9B1}.Debug|Any CPU.ActiveCfg = Debug|Any CPU
		{DD710EE8-17E2-433A-833A-FCC3FB04F9B1}.Debug|Any CPU.Build.0 = Debug|Any CPU
		{DD710EE8-17E2-433A-833A-FCC3FB04F9B1}.Debug|Mixed Platforms.ActiveCfg = Debug|Any CPU
		{DD710EE8-17E2-433A-833A-FCC3FB04F9B1}.Debug|Mixed Platforms.Build.0 = Debug|Any CPU
		{DD710EE8-17E2-433A-833A-FCC3FB04F9B1}.Debug|x86.ActiveCfg = Debug|Any CPU
		{DD710EE8-17E2-433A-833A-FCC3FB04F9B1}.net461|Any CPU.ActiveCfg = Release|Any CPU
		{DD710EE8-17E2-433A-833A-FCC3FB04F9B1}.net461|Any CPU.Build.0 = Release|Any CPU
		{DD710EE8-17E2-433A-833A-FCC3FB04F9B1}.net461|Mixed Platforms.ActiveCfg = Release|Any CPU
		{DD710EE8-17E2-433A-833A-FCC3FB04F9B1}.net461|Mixed Platforms.Build.0 = Release|Any CPU
		{DD710EE8-17E2-433A-833A-FCC3FB04F9B1}.net461|x86.ActiveCfg = Release|Any CPU
		{DD710EE8-17E2-433A-833A-FCC3FB04F9B1}.net461|x86.Build.0 = Release|Any CPU
		{DD710EE8-17E2-433A-833A-FCC3FB04F9B1}.net472|Any CPU.ActiveCfg = Release|Any CPU
		{DD710EE8-17E2-433A-833A-FCC3FB04F9B1}.net472|Any CPU.Build.0 = Release|Any CPU
		{DD710EE8-17E2-433A-833A-FCC3FB04F9B1}.net472|Mixed Platforms.ActiveCfg = Release|Any CPU
		{DD710EE8-17E2-433A-833A-FCC3FB04F9B1}.net472|Mixed Platforms.Build.0 = Release|Any CPU
		{DD710EE8-17E2-433A-833A-FCC3FB04F9B1}.net472|x86.ActiveCfg = Release|Any CPU
		{DD710EE8-17E2-433A-833A-FCC3FB04F9B1}.net472|x86.Build.0 = Release|Any CPU
		{DD710EE8-17E2-433A-833A-FCC3FB04F9B1}.netstandard2.0|Any CPU.ActiveCfg = Release|Any CPU
		{DD710EE8-17E2-433A-833A-FCC3FB04F9B1}.netstandard2.0|Any CPU.Build.0 = Release|Any CPU
		{DD710EE8-17E2-433A-833A-FCC3FB04F9B1}.netstandard2.0|Mixed Platforms.ActiveCfg = Release|Any CPU
		{DD710EE8-17E2-433A-833A-FCC3FB04F9B1}.netstandard2.0|Mixed Platforms.Build.0 = Release|Any CPU
		{DD710EE8-17E2-433A-833A-FCC3FB04F9B1}.netstandard2.0|x86.ActiveCfg = Release|Any CPU
		{DD710EE8-17E2-433A-833A-FCC3FB04F9B1}.netstandard2.0|x86.Build.0 = Release|Any CPU
		{DD710EE8-17E2-433A-833A-FCC3FB04F9B1}.Release|Any CPU.ActiveCfg = Release|Any CPU
		{DD710EE8-17E2-433A-833A-FCC3FB04F9B1}.Release|Any CPU.Build.0 = Release|Any CPU
		{DD710EE8-17E2-433A-833A-FCC3FB04F9B1}.Release|Mixed Platforms.ActiveCfg = Release|Any CPU
		{DD710EE8-17E2-433A-833A-FCC3FB04F9B1}.Release|Mixed Platforms.Build.0 = Release|Any CPU
		{DD710EE8-17E2-433A-833A-FCC3FB04F9B1}.Release|x86.ActiveCfg = Release|Any CPU
		{C7AFAB6A-5A19-4845-85A5-220C848F8F73}.Debug|Any CPU.ActiveCfg = Debug|Any CPU
		{C7AFAB6A-5A19-4845-85A5-220C848F8F73}.Debug|Any CPU.Build.0 = Debug|Any CPU
		{C7AFAB6A-5A19-4845-85A5-220C848F8F73}.Debug|Mixed Platforms.ActiveCfg = Debug|Any CPU
		{C7AFAB6A-5A19-4845-85A5-220C848F8F73}.Debug|Mixed Platforms.Build.0 = Debug|Any CPU
		{C7AFAB6A-5A19-4845-85A5-220C848F8F73}.Debug|x86.ActiveCfg = Debug|Any CPU
		{C7AFAB6A-5A19-4845-85A5-220C848F8F73}.Debug|x86.Build.0 = Debug|Any CPU
		{C7AFAB6A-5A19-4845-85A5-220C848F8F73}.net461|Any CPU.ActiveCfg = Release|Any CPU
		{C7AFAB6A-5A19-4845-85A5-220C848F8F73}.net461|Any CPU.Build.0 = Release|Any CPU
		{C7AFAB6A-5A19-4845-85A5-220C848F8F73}.net461|Mixed Platforms.ActiveCfg = Release|Any CPU
		{C7AFAB6A-5A19-4845-85A5-220C848F8F73}.net461|Mixed Platforms.Build.0 = Release|Any CPU
		{C7AFAB6A-5A19-4845-85A5-220C848F8F73}.net461|x86.ActiveCfg = Release|Any CPU
		{C7AFAB6A-5A19-4845-85A5-220C848F8F73}.net461|x86.Build.0 = Release|Any CPU
		{C7AFAB6A-5A19-4845-85A5-220C848F8F73}.net472|Any CPU.ActiveCfg = Release|Any CPU
		{C7AFAB6A-5A19-4845-85A5-220C848F8F73}.net472|Any CPU.Build.0 = Release|Any CPU
		{C7AFAB6A-5A19-4845-85A5-220C848F8F73}.net472|Mixed Platforms.ActiveCfg = Release|Any CPU
		{C7AFAB6A-5A19-4845-85A5-220C848F8F73}.net472|Mixed Platforms.Build.0 = Release|Any CPU
		{C7AFAB6A-5A19-4845-85A5-220C848F8F73}.net472|x86.ActiveCfg = Release|Any CPU
		{C7AFAB6A-5A19-4845-85A5-220C848F8F73}.net472|x86.Build.0 = Release|Any CPU
		{C7AFAB6A-5A19-4845-85A5-220C848F8F73}.netstandard2.0|Any CPU.ActiveCfg = Release|Any CPU
		{C7AFAB6A-5A19-4845-85A5-220C848F8F73}.netstandard2.0|Any CPU.Build.0 = Release|Any CPU
		{C7AFAB6A-5A19-4845-85A5-220C848F8F73}.netstandard2.0|Mixed Platforms.ActiveCfg = Release|Any CPU
		{C7AFAB6A-5A19-4845-85A5-220C848F8F73}.netstandard2.0|Mixed Platforms.Build.0 = Release|Any CPU
		{C7AFAB6A-5A19-4845-85A5-220C848F8F73}.netstandard2.0|x86.ActiveCfg = Release|Any CPU
		{C7AFAB6A-5A19-4845-85A5-220C848F8F73}.netstandard2.0|x86.Build.0 = Release|Any CPU
		{C7AFAB6A-5A19-4845-85A5-220C848F8F73}.Release|Any CPU.ActiveCfg = Release|Any CPU
		{C7AFAB6A-5A19-4845-85A5-220C848F8F73}.Release|Any CPU.Build.0 = Release|Any CPU
		{C7AFAB6A-5A19-4845-85A5-220C848F8F73}.Release|Mixed Platforms.ActiveCfg = Release|Any CPU
		{C7AFAB6A-5A19-4845-85A5-220C848F8F73}.Release|Mixed Platforms.Build.0 = Release|Any CPU
		{C7AFAB6A-5A19-4845-85A5-220C848F8F73}.Release|x86.ActiveCfg = Release|Any CPU
		{C7AFAB6A-5A19-4845-85A5-220C848F8F73}.Release|x86.Build.0 = Release|Any CPU
		{CE6A8BE5-23E1-4BE1-8343-9C48374F7672}.Debug|Any CPU.ActiveCfg = Debug|Any CPU
		{CE6A8BE5-23E1-4BE1-8343-9C48374F7672}.Debug|Any CPU.Build.0 = Debug|Any CPU
		{CE6A8BE5-23E1-4BE1-8343-9C48374F7672}.Debug|Mixed Platforms.ActiveCfg = Debug|Any CPU
		{CE6A8BE5-23E1-4BE1-8343-9C48374F7672}.Debug|Mixed Platforms.Build.0 = Debug|Any CPU
		{CE6A8BE5-23E1-4BE1-8343-9C48374F7672}.Debug|x86.ActiveCfg = Debug|Any CPU
		{CE6A8BE5-23E1-4BE1-8343-9C48374F7672}.Debug|x86.Build.0 = Debug|Any CPU
		{CE6A8BE5-23E1-4BE1-8343-9C48374F7672}.net461|Any CPU.ActiveCfg = Release|Any CPU
		{CE6A8BE5-23E1-4BE1-8343-9C48374F7672}.net461|Any CPU.Build.0 = Release|Any CPU
		{CE6A8BE5-23E1-4BE1-8343-9C48374F7672}.net461|Mixed Platforms.ActiveCfg = Release|Any CPU
		{CE6A8BE5-23E1-4BE1-8343-9C48374F7672}.net461|Mixed Platforms.Build.0 = Release|Any CPU
		{CE6A8BE5-23E1-4BE1-8343-9C48374F7672}.net461|x86.ActiveCfg = Release|Any CPU
		{CE6A8BE5-23E1-4BE1-8343-9C48374F7672}.net461|x86.Build.0 = Release|Any CPU
		{CE6A8BE5-23E1-4BE1-8343-9C48374F7672}.net472|Any CPU.ActiveCfg = Release|Any CPU
		{CE6A8BE5-23E1-4BE1-8343-9C48374F7672}.net472|Any CPU.Build.0 = Release|Any CPU
		{CE6A8BE5-23E1-4BE1-8343-9C48374F7672}.net472|Mixed Platforms.ActiveCfg = Release|Any CPU
		{CE6A8BE5-23E1-4BE1-8343-9C48374F7672}.net472|Mixed Platforms.Build.0 = Release|Any CPU
		{CE6A8BE5-23E1-4BE1-8343-9C48374F7672}.net472|x86.ActiveCfg = Release|Any CPU
		{CE6A8BE5-23E1-4BE1-8343-9C48374F7672}.net472|x86.Build.0 = Release|Any CPU
		{CE6A8BE5-23E1-4BE1-8343-9C48374F7672}.netstandard2.0|Any CPU.ActiveCfg = Release|Any CPU
		{CE6A8BE5-23E1-4BE1-8343-9C48374F7672}.netstandard2.0|Any CPU.Build.0 = Release|Any CPU
		{CE6A8BE5-23E1-4BE1-8343-9C48374F7672}.netstandard2.0|Mixed Platforms.ActiveCfg = Release|Any CPU
		{CE6A8BE5-23E1-4BE1-8343-9C48374F7672}.netstandard2.0|Mixed Platforms.Build.0 = Release|Any CPU
		{CE6A8BE5-23E1-4BE1-8343-9C48374F7672}.netstandard2.0|x86.ActiveCfg = Release|Any CPU
		{CE6A8BE5-23E1-4BE1-8343-9C48374F7672}.netstandard2.0|x86.Build.0 = Release|Any CPU
		{CE6A8BE5-23E1-4BE1-8343-9C48374F7672}.Release|Any CPU.ActiveCfg = Release|Any CPU
		{CE6A8BE5-23E1-4BE1-8343-9C48374F7672}.Release|Any CPU.Build.0 = Release|Any CPU
		{CE6A8BE5-23E1-4BE1-8343-9C48374F7672}.Release|Mixed Platforms.ActiveCfg = Release|Any CPU
		{CE6A8BE5-23E1-4BE1-8343-9C48374F7672}.Release|Mixed Platforms.Build.0 = Release|Any CPU
		{CE6A8BE5-23E1-4BE1-8343-9C48374F7672}.Release|x86.ActiveCfg = Release|Any CPU
		{CE6A8BE5-23E1-4BE1-8343-9C48374F7672}.Release|x86.Build.0 = Release|Any CPU
		{6FA32031-6520-4A6F-BFFA-227EEC56B292}.Debug|Any CPU.ActiveCfg = Debug|Any CPU
		{6FA32031-6520-4A6F-BFFA-227EEC56B292}.Debug|Any CPU.Build.0 = Debug|Any CPU
		{6FA32031-6520-4A6F-BFFA-227EEC56B292}.Debug|Mixed Platforms.ActiveCfg = Debug|Any CPU
		{6FA32031-6520-4A6F-BFFA-227EEC56B292}.Debug|Mixed Platforms.Build.0 = Debug|Any CPU
		{6FA32031-6520-4A6F-BFFA-227EEC56B292}.Debug|x86.ActiveCfg = Debug|Any CPU
		{6FA32031-6520-4A6F-BFFA-227EEC56B292}.Debug|x86.Build.0 = Debug|Any CPU
		{6FA32031-6520-4A6F-BFFA-227EEC56B292}.net461|Any CPU.ActiveCfg = Release|Any CPU
		{6FA32031-6520-4A6F-BFFA-227EEC56B292}.net461|Any CPU.Build.0 = Release|Any CPU
		{6FA32031-6520-4A6F-BFFA-227EEC56B292}.net461|Mixed Platforms.ActiveCfg = Release|Any CPU
		{6FA32031-6520-4A6F-BFFA-227EEC56B292}.net461|Mixed Platforms.Build.0 = Release|Any CPU
		{6FA32031-6520-4A6F-BFFA-227EEC56B292}.net461|x86.ActiveCfg = Release|Any CPU
		{6FA32031-6520-4A6F-BFFA-227EEC56B292}.net461|x86.Build.0 = Release|Any CPU
		{6FA32031-6520-4A6F-BFFA-227EEC56B292}.net472|Any CPU.ActiveCfg = Release|Any CPU
		{6FA32031-6520-4A6F-BFFA-227EEC56B292}.net472|Any CPU.Build.0 = Release|Any CPU
		{6FA32031-6520-4A6F-BFFA-227EEC56B292}.net472|Mixed Platforms.ActiveCfg = Release|Any CPU
		{6FA32031-6520-4A6F-BFFA-227EEC56B292}.net472|Mixed Platforms.Build.0 = Release|Any CPU
		{6FA32031-6520-4A6F-BFFA-227EEC56B292}.net472|x86.ActiveCfg = Release|Any CPU
		{6FA32031-6520-4A6F-BFFA-227EEC56B292}.net472|x86.Build.0 = Release|Any CPU
		{6FA32031-6520-4A6F-BFFA-227EEC56B292}.netstandard2.0|Any CPU.ActiveCfg = Release|Any CPU
		{6FA32031-6520-4A6F-BFFA-227EEC56B292}.netstandard2.0|Any CPU.Build.0 = Release|Any CPU
		{6FA32031-6520-4A6F-BFFA-227EEC56B292}.netstandard2.0|Mixed Platforms.ActiveCfg = Release|Any CPU
		{6FA32031-6520-4A6F-BFFA-227EEC56B292}.netstandard2.0|Mixed Platforms.Build.0 = Release|Any CPU
		{6FA32031-6520-4A6F-BFFA-227EEC56B292}.netstandard2.0|x86.ActiveCfg = Release|Any CPU
		{6FA32031-6520-4A6F-BFFA-227EEC56B292}.netstandard2.0|x86.Build.0 = Release|Any CPU
		{6FA32031-6520-4A6F-BFFA-227EEC56B292}.Release|Any CPU.ActiveCfg = Release|Any CPU
		{6FA32031-6520-4A6F-BFFA-227EEC56B292}.Release|Any CPU.Build.0 = Release|Any CPU
		{6FA32031-6520-4A6F-BFFA-227EEC56B292}.Release|Mixed Platforms.ActiveCfg = Release|Any CPU
		{6FA32031-6520-4A6F-BFFA-227EEC56B292}.Release|Mixed Platforms.Build.0 = Release|Any CPU
		{6FA32031-6520-4A6F-BFFA-227EEC56B292}.Release|x86.ActiveCfg = Release|Any CPU
		{6FA32031-6520-4A6F-BFFA-227EEC56B292}.Release|x86.Build.0 = Release|Any CPU
		{F9C4B669-E10B-44C4-8ED4-85CEAAFC4126}.Debug|Any CPU.ActiveCfg = Debug|Any CPU
		{F9C4B669-E10B-44C4-8ED4-85CEAAFC4126}.Debug|Any CPU.Build.0 = Debug|Any CPU
		{F9C4B669-E10B-44C4-8ED4-85CEAAFC4126}.Debug|Mixed Platforms.ActiveCfg = Debug|Any CPU
		{F9C4B669-E10B-44C4-8ED4-85CEAAFC4126}.Debug|Mixed Platforms.Build.0 = Debug|Any CPU
		{F9C4B669-E10B-44C4-8ED4-85CEAAFC4126}.Debug|x86.ActiveCfg = Debug|Any CPU
		{F9C4B669-E10B-44C4-8ED4-85CEAAFC4126}.Debug|x86.Build.0 = Debug|Any CPU
		{F9C4B669-E10B-44C4-8ED4-85CEAAFC4126}.net461|Any CPU.ActiveCfg = Release|Any CPU
		{F9C4B669-E10B-44C4-8ED4-85CEAAFC4126}.net461|Any CPU.Build.0 = Release|Any CPU
		{F9C4B669-E10B-44C4-8ED4-85CEAAFC4126}.net461|Mixed Platforms.ActiveCfg = Release|Any CPU
		{F9C4B669-E10B-44C4-8ED4-85CEAAFC4126}.net461|Mixed Platforms.Build.0 = Release|Any CPU
		{F9C4B669-E10B-44C4-8ED4-85CEAAFC4126}.net461|x86.ActiveCfg = Release|Any CPU
		{F9C4B669-E10B-44C4-8ED4-85CEAAFC4126}.net461|x86.Build.0 = Release|Any CPU
		{F9C4B669-E10B-44C4-8ED4-85CEAAFC4126}.net472|Any CPU.ActiveCfg = Release|Any CPU
		{F9C4B669-E10B-44C4-8ED4-85CEAAFC4126}.net472|Any CPU.Build.0 = Release|Any CPU
		{F9C4B669-E10B-44C4-8ED4-85CEAAFC4126}.net472|Mixed Platforms.ActiveCfg = Release|Any CPU
		{F9C4B669-E10B-44C4-8ED4-85CEAAFC4126}.net472|Mixed Platforms.Build.0 = Release|Any CPU
		{F9C4B669-E10B-44C4-8ED4-85CEAAFC4126}.net472|x86.ActiveCfg = Release|Any CPU
		{F9C4B669-E10B-44C4-8ED4-85CEAAFC4126}.net472|x86.Build.0 = Release|Any CPU
		{F9C4B669-E10B-44C4-8ED4-85CEAAFC4126}.netstandard2.0|Any CPU.ActiveCfg = Release|Any CPU
		{F9C4B669-E10B-44C4-8ED4-85CEAAFC4126}.netstandard2.0|Any CPU.Build.0 = Release|Any CPU
		{F9C4B669-E10B-44C4-8ED4-85CEAAFC4126}.netstandard2.0|Mixed Platforms.ActiveCfg = Release|Any CPU
		{F9C4B669-E10B-44C4-8ED4-85CEAAFC4126}.netstandard2.0|Mixed Platforms.Build.0 = Release|Any CPU
		{F9C4B669-E10B-44C4-8ED4-85CEAAFC4126}.netstandard2.0|x86.ActiveCfg = Release|Any CPU
		{F9C4B669-E10B-44C4-8ED4-85CEAAFC4126}.netstandard2.0|x86.Build.0 = Release|Any CPU
		{F9C4B669-E10B-44C4-8ED4-85CEAAFC4126}.Release|Any CPU.ActiveCfg = Release|Any CPU
		{F9C4B669-E10B-44C4-8ED4-85CEAAFC4126}.Release|Any CPU.Build.0 = Release|Any CPU
		{F9C4B669-E10B-44C4-8ED4-85CEAAFC4126}.Release|Mixed Platforms.ActiveCfg = Release|Any CPU
		{F9C4B669-E10B-44C4-8ED4-85CEAAFC4126}.Release|Mixed Platforms.Build.0 = Release|Any CPU
		{F9C4B669-E10B-44C4-8ED4-85CEAAFC4126}.Release|x86.ActiveCfg = Release|Any CPU
		{F9C4B669-E10B-44C4-8ED4-85CEAAFC4126}.Release|x86.Build.0 = Release|Any CPU
		{D183A5CA-B8A4-4286-A765-EED1B148547B}.Debug|Any CPU.ActiveCfg = Debug|Any CPU
		{D183A5CA-B8A4-4286-A765-EED1B148547B}.Debug|Any CPU.Build.0 = Debug|Any CPU
		{D183A5CA-B8A4-4286-A765-EED1B148547B}.Debug|Mixed Platforms.ActiveCfg = Debug|Any CPU
		{D183A5CA-B8A4-4286-A765-EED1B148547B}.Debug|Mixed Platforms.Build.0 = Debug|Any CPU
		{D183A5CA-B8A4-4286-A765-EED1B148547B}.Debug|x86.ActiveCfg = Debug|Any CPU
		{D183A5CA-B8A4-4286-A765-EED1B148547B}.Debug|x86.Build.0 = Debug|Any CPU
		{D183A5CA-B8A4-4286-A765-EED1B148547B}.net461|Any CPU.ActiveCfg = Release|Any CPU
		{D183A5CA-B8A4-4286-A765-EED1B148547B}.net461|Any CPU.Build.0 = Release|Any CPU
		{D183A5CA-B8A4-4286-A765-EED1B148547B}.net461|Mixed Platforms.ActiveCfg = Release|Any CPU
		{D183A5CA-B8A4-4286-A765-EED1B148547B}.net461|Mixed Platforms.Build.0 = Release|Any CPU
		{D183A5CA-B8A4-4286-A765-EED1B148547B}.net461|x86.ActiveCfg = Release|Any CPU
		{D183A5CA-B8A4-4286-A765-EED1B148547B}.net461|x86.Build.0 = Release|Any CPU
		{D183A5CA-B8A4-4286-A765-EED1B148547B}.net472|Any CPU.ActiveCfg = Release|Any CPU
		{D183A5CA-B8A4-4286-A765-EED1B148547B}.net472|Any CPU.Build.0 = Release|Any CPU
		{D183A5CA-B8A4-4286-A765-EED1B148547B}.net472|Mixed Platforms.ActiveCfg = Release|Any CPU
		{D183A5CA-B8A4-4286-A765-EED1B148547B}.net472|Mixed Platforms.Build.0 = Release|Any CPU
		{D183A5CA-B8A4-4286-A765-EED1B148547B}.net472|x86.ActiveCfg = Release|Any CPU
		{D183A5CA-B8A4-4286-A765-EED1B148547B}.net472|x86.Build.0 = Release|Any CPU
		{D183A5CA-B8A4-4286-A765-EED1B148547B}.netstandard2.0|Any CPU.ActiveCfg = Release|Any CPU
		{D183A5CA-B8A4-4286-A765-EED1B148547B}.netstandard2.0|Any CPU.Build.0 = Release|Any CPU
		{D183A5CA-B8A4-4286-A765-EED1B148547B}.netstandard2.0|Mixed Platforms.ActiveCfg = Release|Any CPU
		{D183A5CA-B8A4-4286-A765-EED1B148547B}.netstandard2.0|Mixed Platforms.Build.0 = Release|Any CPU
		{D183A5CA-B8A4-4286-A765-EED1B148547B}.netstandard2.0|x86.ActiveCfg = Release|Any CPU
		{D183A5CA-B8A4-4286-A765-EED1B148547B}.netstandard2.0|x86.Build.0 = Release|Any CPU
		{D183A5CA-B8A4-4286-A765-EED1B148547B}.Release|Any CPU.ActiveCfg = Release|Any CPU
		{D183A5CA-B8A4-4286-A765-EED1B148547B}.Release|Any CPU.Build.0 = Release|Any CPU
		{D183A5CA-B8A4-4286-A765-EED1B148547B}.Release|Mixed Platforms.ActiveCfg = Release|Any CPU
		{D183A5CA-B8A4-4286-A765-EED1B148547B}.Release|Mixed Platforms.Build.0 = Release|Any CPU
		{D183A5CA-B8A4-4286-A765-EED1B148547B}.Release|x86.ActiveCfg = Release|Any CPU
		{D183A5CA-B8A4-4286-A765-EED1B148547B}.Release|x86.Build.0 = Release|Any CPU
		{F2A9CA04-DA01-44CA-A18D-704948C836EB}.Debug|Any CPU.ActiveCfg = Debug|Any CPU
		{F2A9CA04-DA01-44CA-A18D-704948C836EB}.Debug|Any CPU.Build.0 = Debug|Any CPU
		{F2A9CA04-DA01-44CA-A18D-704948C836EB}.Debug|Mixed Platforms.ActiveCfg = Debug|Any CPU
		{F2A9CA04-DA01-44CA-A18D-704948C836EB}.Debug|Mixed Platforms.Build.0 = Debug|Any CPU
		{F2A9CA04-DA01-44CA-A18D-704948C836EB}.Debug|x86.ActiveCfg = Debug|Any CPU
		{F2A9CA04-DA01-44CA-A18D-704948C836EB}.Debug|x86.Build.0 = Debug|Any CPU
		{F2A9CA04-DA01-44CA-A18D-704948C836EB}.net461|Any CPU.ActiveCfg = Release|Any CPU
		{F2A9CA04-DA01-44CA-A18D-704948C836EB}.net461|Any CPU.Build.0 = Release|Any CPU
		{F2A9CA04-DA01-44CA-A18D-704948C836EB}.net461|Mixed Platforms.ActiveCfg = Release|Any CPU
		{F2A9CA04-DA01-44CA-A18D-704948C836EB}.net461|Mixed Platforms.Build.0 = Release|Any CPU
		{F2A9CA04-DA01-44CA-A18D-704948C836EB}.net461|x86.ActiveCfg = Release|Any CPU
		{F2A9CA04-DA01-44CA-A18D-704948C836EB}.net461|x86.Build.0 = Release|Any CPU
		{F2A9CA04-DA01-44CA-A18D-704948C836EB}.net472|Any CPU.ActiveCfg = Release|Any CPU
		{F2A9CA04-DA01-44CA-A18D-704948C836EB}.net472|Any CPU.Build.0 = Release|Any CPU
		{F2A9CA04-DA01-44CA-A18D-704948C836EB}.net472|Mixed Platforms.ActiveCfg = Release|Any CPU
		{F2A9CA04-DA01-44CA-A18D-704948C836EB}.net472|Mixed Platforms.Build.0 = Release|Any CPU
		{F2A9CA04-DA01-44CA-A18D-704948C836EB}.net472|x86.ActiveCfg = Release|Any CPU
		{F2A9CA04-DA01-44CA-A18D-704948C836EB}.net472|x86.Build.0 = Release|Any CPU
		{F2A9CA04-DA01-44CA-A18D-704948C836EB}.netstandard2.0|Any CPU.ActiveCfg = Release|Any CPU
		{F2A9CA04-DA01-44CA-A18D-704948C836EB}.netstandard2.0|Any CPU.Build.0 = Release|Any CPU
		{F2A9CA04-DA01-44CA-A18D-704948C836EB}.netstandard2.0|Mixed Platforms.ActiveCfg = Release|Any CPU
		{F2A9CA04-DA01-44CA-A18D-704948C836EB}.netstandard2.0|Mixed Platforms.Build.0 = Release|Any CPU
		{F2A9CA04-DA01-44CA-A18D-704948C836EB}.netstandard2.0|x86.ActiveCfg = Release|Any CPU
		{F2A9CA04-DA01-44CA-A18D-704948C836EB}.netstandard2.0|x86.Build.0 = Release|Any CPU
		{F2A9CA04-DA01-44CA-A18D-704948C836EB}.Release|Any CPU.ActiveCfg = Release|Any CPU
		{F2A9CA04-DA01-44CA-A18D-704948C836EB}.Release|Any CPU.Build.0 = Release|Any CPU
		{F2A9CA04-DA01-44CA-A18D-704948C836EB}.Release|Mixed Platforms.ActiveCfg = Release|Any CPU
		{F2A9CA04-DA01-44CA-A18D-704948C836EB}.Release|Mixed Platforms.Build.0 = Release|Any CPU
		{F2A9CA04-DA01-44CA-A18D-704948C836EB}.Release|x86.ActiveCfg = Release|Any CPU
		{F2A9CA04-DA01-44CA-A18D-704948C836EB}.Release|x86.Build.0 = Release|Any CPU
		{160733CB-F539-4545-BEF4-F57176FD12DE}.Debug|Any CPU.ActiveCfg = Debug|Any CPU
		{160733CB-F539-4545-BEF4-F57176FD12DE}.Debug|Any CPU.Build.0 = Debug|Any CPU
		{160733CB-F539-4545-BEF4-F57176FD12DE}.Debug|Mixed Platforms.ActiveCfg = Debug|Any CPU
		{160733CB-F539-4545-BEF4-F57176FD12DE}.Debug|Mixed Platforms.Build.0 = Debug|Any CPU
		{160733CB-F539-4545-BEF4-F57176FD12DE}.Debug|x86.ActiveCfg = Debug|Any CPU
		{160733CB-F539-4545-BEF4-F57176FD12DE}.Debug|x86.Build.0 = Debug|Any CPU
		{160733CB-F539-4545-BEF4-F57176FD12DE}.net461|Any CPU.ActiveCfg = Release|Any CPU
		{160733CB-F539-4545-BEF4-F57176FD12DE}.net461|Any CPU.Build.0 = Release|Any CPU
		{160733CB-F539-4545-BEF4-F57176FD12DE}.net461|Mixed Platforms.ActiveCfg = Release|Any CPU
		{160733CB-F539-4545-BEF4-F57176FD12DE}.net461|Mixed Platforms.Build.0 = Release|Any CPU
		{160733CB-F539-4545-BEF4-F57176FD12DE}.net461|x86.ActiveCfg = Release|Any CPU
		{160733CB-F539-4545-BEF4-F57176FD12DE}.net461|x86.Build.0 = Release|Any CPU
		{160733CB-F539-4545-BEF4-F57176FD12DE}.net472|Any CPU.ActiveCfg = Release|Any CPU
		{160733CB-F539-4545-BEF4-F57176FD12DE}.net472|Any CPU.Build.0 = Release|Any CPU
		{160733CB-F539-4545-BEF4-F57176FD12DE}.net472|Mixed Platforms.ActiveCfg = Release|Any CPU
		{160733CB-F539-4545-BEF4-F57176FD12DE}.net472|Mixed Platforms.Build.0 = Release|Any CPU
		{160733CB-F539-4545-BEF4-F57176FD12DE}.net472|x86.ActiveCfg = Release|Any CPU
		{160733CB-F539-4545-BEF4-F57176FD12DE}.net472|x86.Build.0 = Release|Any CPU
		{160733CB-F539-4545-BEF4-F57176FD12DE}.netstandard2.0|Any CPU.ActiveCfg = Release|Any CPU
		{160733CB-F539-4545-BEF4-F57176FD12DE}.netstandard2.0|Any CPU.Build.0 = Release|Any CPU
		{160733CB-F539-4545-BEF4-F57176FD12DE}.netstandard2.0|Mixed Platforms.ActiveCfg = Release|Any CPU
		{160733CB-F539-4545-BEF4-F57176FD12DE}.netstandard2.0|Mixed Platforms.Build.0 = Release|Any CPU
		{160733CB-F539-4545-BEF4-F57176FD12DE}.netstandard2.0|x86.ActiveCfg = Release|Any CPU
		{160733CB-F539-4545-BEF4-F57176FD12DE}.netstandard2.0|x86.Build.0 = Release|Any CPU
		{160733CB-F539-4545-BEF4-F57176FD12DE}.Release|Any CPU.ActiveCfg = Release|Any CPU
		{160733CB-F539-4545-BEF4-F57176FD12DE}.Release|Any CPU.Build.0 = Release|Any CPU
		{160733CB-F539-4545-BEF4-F57176FD12DE}.Release|Mixed Platforms.ActiveCfg = Release|Any CPU
		{160733CB-F539-4545-BEF4-F57176FD12DE}.Release|Mixed Platforms.Build.0 = Release|Any CPU
		{160733CB-F539-4545-BEF4-F57176FD12DE}.Release|x86.ActiveCfg = Release|Any CPU
		{160733CB-F539-4545-BEF4-F57176FD12DE}.Release|x86.Build.0 = Release|Any CPU
		{C65E5969-E551-456A-AC79-AA625CC97C7E}.Debug|Any CPU.ActiveCfg = Debug|Any CPU
		{C65E5969-E551-456A-AC79-AA625CC97C7E}.Debug|Any CPU.Build.0 = Debug|Any CPU
		{C65E5969-E551-456A-AC79-AA625CC97C7E}.Debug|Mixed Platforms.ActiveCfg = Debug|Any CPU
		{C65E5969-E551-456A-AC79-AA625CC97C7E}.Debug|Mixed Platforms.Build.0 = Debug|Any CPU
		{C65E5969-E551-456A-AC79-AA625CC97C7E}.Debug|x86.ActiveCfg = Debug|Any CPU
		{C65E5969-E551-456A-AC79-AA625CC97C7E}.Debug|x86.Build.0 = Debug|Any CPU
		{C65E5969-E551-456A-AC79-AA625CC97C7E}.net461|Any CPU.ActiveCfg = Release|Any CPU
		{C65E5969-E551-456A-AC79-AA625CC97C7E}.net461|Any CPU.Build.0 = Release|Any CPU
		{C65E5969-E551-456A-AC79-AA625CC97C7E}.net461|Mixed Platforms.ActiveCfg = Release|Any CPU
		{C65E5969-E551-456A-AC79-AA625CC97C7E}.net461|Mixed Platforms.Build.0 = Release|Any CPU
		{C65E5969-E551-456A-AC79-AA625CC97C7E}.net461|x86.ActiveCfg = Release|Any CPU
		{C65E5969-E551-456A-AC79-AA625CC97C7E}.net461|x86.Build.0 = Release|Any CPU
		{C65E5969-E551-456A-AC79-AA625CC97C7E}.net472|Any CPU.ActiveCfg = Release|Any CPU
		{C65E5969-E551-456A-AC79-AA625CC97C7E}.net472|Any CPU.Build.0 = Release|Any CPU
		{C65E5969-E551-456A-AC79-AA625CC97C7E}.net472|Mixed Platforms.ActiveCfg = Release|Any CPU
		{C65E5969-E551-456A-AC79-AA625CC97C7E}.net472|Mixed Platforms.Build.0 = Release|Any CPU
		{C65E5969-E551-456A-AC79-AA625CC97C7E}.net472|x86.ActiveCfg = Release|Any CPU
		{C65E5969-E551-456A-AC79-AA625CC97C7E}.net472|x86.Build.0 = Release|Any CPU
		{C65E5969-E551-456A-AC79-AA625CC97C7E}.netstandard2.0|Any CPU.ActiveCfg = Release|Any CPU
		{C65E5969-E551-456A-AC79-AA625CC97C7E}.netstandard2.0|Any CPU.Build.0 = Release|Any CPU
		{C65E5969-E551-456A-AC79-AA625CC97C7E}.netstandard2.0|Mixed Platforms.ActiveCfg = Release|Any CPU
		{C65E5969-E551-456A-AC79-AA625CC97C7E}.netstandard2.0|Mixed Platforms.Build.0 = Release|Any CPU
		{C65E5969-E551-456A-AC79-AA625CC97C7E}.netstandard2.0|x86.ActiveCfg = Release|Any CPU
		{C65E5969-E551-456A-AC79-AA625CC97C7E}.netstandard2.0|x86.Build.0 = Release|Any CPU
		{C65E5969-E551-456A-AC79-AA625CC97C7E}.Release|Any CPU.ActiveCfg = Release|Any CPU
		{C65E5969-E551-456A-AC79-AA625CC97C7E}.Release|Any CPU.Build.0 = Release|Any CPU
		{C65E5969-E551-456A-AC79-AA625CC97C7E}.Release|Mixed Platforms.ActiveCfg = Release|Any CPU
		{C65E5969-E551-456A-AC79-AA625CC97C7E}.Release|Mixed Platforms.Build.0 = Release|Any CPU
		{C65E5969-E551-456A-AC79-AA625CC97C7E}.Release|x86.ActiveCfg = Release|Any CPU
		{C65E5969-E551-456A-AC79-AA625CC97C7E}.Release|x86.Build.0 = Release|Any CPU
		{C7499C40-3068-4B1F-921C-3D63DA9A94EC}.Debug|Any CPU.ActiveCfg = Debug|Any CPU
		{C7499C40-3068-4B1F-921C-3D63DA9A94EC}.Debug|Any CPU.Build.0 = Debug|Any CPU
		{C7499C40-3068-4B1F-921C-3D63DA9A94EC}.Debug|Mixed Platforms.ActiveCfg = Debug|Any CPU
		{C7499C40-3068-4B1F-921C-3D63DA9A94EC}.Debug|Mixed Platforms.Build.0 = Debug|Any CPU
		{C7499C40-3068-4B1F-921C-3D63DA9A94EC}.Debug|x86.ActiveCfg = Debug|Any CPU
		{C7499C40-3068-4B1F-921C-3D63DA9A94EC}.Debug|x86.Build.0 = Debug|Any CPU
		{C7499C40-3068-4B1F-921C-3D63DA9A94EC}.net461|Any CPU.ActiveCfg = Release|Any CPU
		{C7499C40-3068-4B1F-921C-3D63DA9A94EC}.net461|Any CPU.Build.0 = Release|Any CPU
		{C7499C40-3068-4B1F-921C-3D63DA9A94EC}.net461|Mixed Platforms.ActiveCfg = Release|Any CPU
		{C7499C40-3068-4B1F-921C-3D63DA9A94EC}.net461|Mixed Platforms.Build.0 = Release|Any CPU
		{C7499C40-3068-4B1F-921C-3D63DA9A94EC}.net461|x86.ActiveCfg = Release|Any CPU
		{C7499C40-3068-4B1F-921C-3D63DA9A94EC}.net461|x86.Build.0 = Release|Any CPU
		{C7499C40-3068-4B1F-921C-3D63DA9A94EC}.net472|Any CPU.ActiveCfg = Release|Any CPU
		{C7499C40-3068-4B1F-921C-3D63DA9A94EC}.net472|Any CPU.Build.0 = Release|Any CPU
		{C7499C40-3068-4B1F-921C-3D63DA9A94EC}.net472|Mixed Platforms.ActiveCfg = Release|Any CPU
		{C7499C40-3068-4B1F-921C-3D63DA9A94EC}.net472|Mixed Platforms.Build.0 = Release|Any CPU
		{C7499C40-3068-4B1F-921C-3D63DA9A94EC}.net472|x86.ActiveCfg = Release|Any CPU
		{C7499C40-3068-4B1F-921C-3D63DA9A94EC}.net472|x86.Build.0 = Release|Any CPU
		{C7499C40-3068-4B1F-921C-3D63DA9A94EC}.netstandard2.0|Any CPU.ActiveCfg = Release|Any CPU
		{C7499C40-3068-4B1F-921C-3D63DA9A94EC}.netstandard2.0|Any CPU.Build.0 = Release|Any CPU
		{C7499C40-3068-4B1F-921C-3D63DA9A94EC}.netstandard2.0|Mixed Platforms.ActiveCfg = Release|Any CPU
		{C7499C40-3068-4B1F-921C-3D63DA9A94EC}.netstandard2.0|Mixed Platforms.Build.0 = Release|Any CPU
		{C7499C40-3068-4B1F-921C-3D63DA9A94EC}.netstandard2.0|x86.ActiveCfg = Release|Any CPU
		{C7499C40-3068-4B1F-921C-3D63DA9A94EC}.netstandard2.0|x86.Build.0 = Release|Any CPU
		{C7499C40-3068-4B1F-921C-3D63DA9A94EC}.Release|Any CPU.ActiveCfg = Release|Any CPU
		{C7499C40-3068-4B1F-921C-3D63DA9A94EC}.Release|Any CPU.Build.0 = Release|Any CPU
		{C7499C40-3068-4B1F-921C-3D63DA9A94EC}.Release|Mixed Platforms.ActiveCfg = Release|Any CPU
		{C7499C40-3068-4B1F-921C-3D63DA9A94EC}.Release|Mixed Platforms.Build.0 = Release|Any CPU
		{C7499C40-3068-4B1F-921C-3D63DA9A94EC}.Release|x86.ActiveCfg = Release|Any CPU
		{C7499C40-3068-4B1F-921C-3D63DA9A94EC}.Release|x86.Build.0 = Release|Any CPU
		{494E9C14-07CA-4CF3-AFD8-6C8D68F250C7}.Debug|Any CPU.ActiveCfg = Debug|Any CPU
		{494E9C14-07CA-4CF3-AFD8-6C8D68F250C7}.Debug|Any CPU.Build.0 = Debug|Any CPU
		{494E9C14-07CA-4CF3-AFD8-6C8D68F250C7}.Debug|Mixed Platforms.ActiveCfg = Debug|Any CPU
		{494E9C14-07CA-4CF3-AFD8-6C8D68F250C7}.Debug|Mixed Platforms.Build.0 = Debug|Any CPU
		{494E9C14-07CA-4CF3-AFD8-6C8D68F250C7}.Debug|x86.ActiveCfg = Debug|Any CPU
		{494E9C14-07CA-4CF3-AFD8-6C8D68F250C7}.Debug|x86.Build.0 = Debug|Any CPU
		{494E9C14-07CA-4CF3-AFD8-6C8D68F250C7}.net461|Any CPU.ActiveCfg = Debug|Any CPU
		{494E9C14-07CA-4CF3-AFD8-6C8D68F250C7}.net461|Any CPU.Build.0 = Debug|Any CPU
		{494E9C14-07CA-4CF3-AFD8-6C8D68F250C7}.net461|Mixed Platforms.ActiveCfg = Debug|Any CPU
		{494E9C14-07CA-4CF3-AFD8-6C8D68F250C7}.net461|Mixed Platforms.Build.0 = Debug|Any CPU
		{494E9C14-07CA-4CF3-AFD8-6C8D68F250C7}.net461|x86.ActiveCfg = Debug|Any CPU
		{494E9C14-07CA-4CF3-AFD8-6C8D68F250C7}.net461|x86.Build.0 = Debug|Any CPU
		{494E9C14-07CA-4CF3-AFD8-6C8D68F250C7}.net472|Any CPU.ActiveCfg = Debug|Any CPU
		{494E9C14-07CA-4CF3-AFD8-6C8D68F250C7}.net472|Any CPU.Build.0 = Debug|Any CPU
		{494E9C14-07CA-4CF3-AFD8-6C8D68F250C7}.net472|Mixed Platforms.ActiveCfg = Debug|Any CPU
		{494E9C14-07CA-4CF3-AFD8-6C8D68F250C7}.net472|Mixed Platforms.Build.0 = Debug|Any CPU
		{494E9C14-07CA-4CF3-AFD8-6C8D68F250C7}.net472|x86.ActiveCfg = Debug|Any CPU
		{494E9C14-07CA-4CF3-AFD8-6C8D68F250C7}.net472|x86.Build.0 = Debug|Any CPU
		{494E9C14-07CA-4CF3-AFD8-6C8D68F250C7}.netstandard2.0|Any CPU.ActiveCfg = Debug|Any CPU
		{494E9C14-07CA-4CF3-AFD8-6C8D68F250C7}.netstandard2.0|Any CPU.Build.0 = Debug|Any CPU
		{494E9C14-07CA-4CF3-AFD8-6C8D68F250C7}.netstandard2.0|Mixed Platforms.ActiveCfg = Debug|Any CPU
		{494E9C14-07CA-4CF3-AFD8-6C8D68F250C7}.netstandard2.0|Mixed Platforms.Build.0 = Debug|Any CPU
		{494E9C14-07CA-4CF3-AFD8-6C8D68F250C7}.netstandard2.0|x86.ActiveCfg = Debug|Any CPU
		{494E9C14-07CA-4CF3-AFD8-6C8D68F250C7}.netstandard2.0|x86.Build.0 = Debug|Any CPU
		{494E9C14-07CA-4CF3-AFD8-6C8D68F250C7}.Release|Any CPU.ActiveCfg = Release|Any CPU
		{494E9C14-07CA-4CF3-AFD8-6C8D68F250C7}.Release|Any CPU.Build.0 = Release|Any CPU
		{494E9C14-07CA-4CF3-AFD8-6C8D68F250C7}.Release|Mixed Platforms.ActiveCfg = Release|Any CPU
		{494E9C14-07CA-4CF3-AFD8-6C8D68F250C7}.Release|Mixed Platforms.Build.0 = Release|Any CPU
		{494E9C14-07CA-4CF3-AFD8-6C8D68F250C7}.Release|x86.ActiveCfg = Release|Any CPU
		{494E9C14-07CA-4CF3-AFD8-6C8D68F250C7}.Release|x86.Build.0 = Release|Any CPU
	EndGlobalSection
	GlobalSection(SolutionProperties) = preSolution
		HideSolutionNode = FALSE
	EndGlobalSection
	GlobalSection(NestedProjects) = preSolution
		{697C38AE-D094-4D77-BD08-C15BD1B2BB7B} = {D1049A30-DC40-4FC8-923D-AF59779D1F94}
		{EEB954D6-D751-4E7F-BEC3-8D10CC55FF81} = {DEC31404-E957-447F-9E31-D80F64D708F5}
		{34F2D8E7-2239-4EE0-AE53-3B8F6B0513BB} = {8A94E382-5E13-467F-9564-FFE47D0B4646}
		{1A06430B-308C-49CF-9620-70D4F7D8A501} = {8A94E382-5E13-467F-9564-FFE47D0B4646}
		{0C815166-B7AC-45DF-AA48-0B026687228E} = {8A94E382-5E13-467F-9564-FFE47D0B4646}
		{2A5A9D95-9CE2-4726-A9E2-606838ABDCD1} = {697C38AE-D094-4D77-BD08-C15BD1B2BB7B}
		{D479AB56-8F3E-4C3E-B641-048B3552DDA9} = {697C38AE-D094-4D77-BD08-C15BD1B2BB7B}
		{2147FC87-D172-40A6-9D54-181515DAF7AC} = {8A94E382-5E13-467F-9564-FFE47D0B4646}
		{12D82D75-ECEE-459D-A820-B6CD95B24449} = {8A94E382-5E13-467F-9564-FFE47D0B4646}
		{D0564333-039B-4FBF-88A9-CD77595F8189} = {EEB954D6-D751-4E7F-BEC3-8D10CC55FF81}
		{322AAE96-5564-4721-8F1A-05ED76D42BC1} = {EEB954D6-D751-4E7F-BEC3-8D10CC55FF81}
		{84B631F2-2D0B-48EF-8ECF-C4D05372AF0E} = {EEB954D6-D751-4E7F-BEC3-8D10CC55FF81}
		{BE2DCB4C-EC1F-4768-8DB3-7FA63131C348} = {EEB954D6-D751-4E7F-BEC3-8D10CC55FF81}
		{10551243-DB15-446F-AD98-A69904170BE1} = {EEB954D6-D751-4E7F-BEC3-8D10CC55FF81}
		{3C71B0EE-F73F-41A2-A7AD-C1034301CF31} = {EEB954D6-D751-4E7F-BEC3-8D10CC55FF81}
		{1581673C-81B0-4795-A7D0-A4D84B3C37CD} = {EEB954D6-D751-4E7F-BEC3-8D10CC55FF81}
		{E54BBDFF-F3FB-4497-ACEC-7BC6F4404F71} = {8A94E382-5E13-467F-9564-FFE47D0B4646}
		{B66D0AB3-36DF-4E0A-83E0-772D31C6108C} = {711574A5-0FC7-4F42-BBBF-1CEBCF6E7C68}
		{43C587BD-F5EE-46B8-A52A-BBD3CA6C1C74} = {697C38AE-D094-4D77-BD08-C15BD1B2BB7B}
		{9A3AB447-F207-4C6E-AB09-B742FD4610EF} = {EEB954D6-D751-4E7F-BEC3-8D10CC55FF81}
		{F9091E69-5EB8-4405-A85F-DD4307560C9A} = {697C38AE-D094-4D77-BD08-C15BD1B2BB7B}
		{DD710EE8-17E2-433A-833A-FCC3FB04F9B1} = {697C38AE-D094-4D77-BD08-C15BD1B2BB7B}
		{C7AFAB6A-5A19-4845-85A5-220C848F8F73} = {EEB954D6-D751-4E7F-BEC3-8D10CC55FF81}
		{CE6A8BE5-23E1-4BE1-8343-9C48374F7672} = {EEB954D6-D751-4E7F-BEC3-8D10CC55FF81}
		{6FA32031-6520-4A6F-BFFA-227EEC56B292} = {EEB954D6-D751-4E7F-BEC3-8D10CC55FF81}
		{F9C4B669-E10B-44C4-8ED4-85CEAAFC4126} = {1438B09F-C188-4F16-A00B-B037D8DD271C}
		{D183A5CA-B8A4-4286-A765-EED1B148547B} = {697C38AE-D094-4D77-BD08-C15BD1B2BB7B}
		{F2A9CA04-DA01-44CA-A18D-704948C836EB} = {EEB954D6-D751-4E7F-BEC3-8D10CC55FF81}
		{160733CB-F539-4545-BEF4-F57176FD12DE} = {D65F7456-F8DB-4EC0-8C03-C22961C80649}
		{C65E5969-E551-456A-AC79-AA625CC97C7E} = {EEB954D6-D751-4E7F-BEC3-8D10CC55FF81}
		{C7499C40-3068-4B1F-921C-3D63DA9A94EC} = {DEC31404-E957-447F-9E31-D80F64D708F5}
		{494E9C14-07CA-4CF3-AFD8-6C8D68F250C7} = {1438B09F-C188-4F16-A00B-B037D8DD271C}
	EndGlobalSection
	GlobalSection(ExtensibilityGlobals) = postSolution
		SolutionGuid = {D58CF63B-6932-4503-893A-42C15952609D}
	EndGlobalSection
	GlobalSection(TestCaseManagementSettings) = postSolution
		CategoryFile = IppDotNetDevKitCSV3.vsmdi
	EndGlobalSection
EndGlobal
