
Microsoft Visual Studio Solution File, Format Version 11.00
# Visual Studio 2010
Project("{930C7802-8A8C-48F9-8165-68863BCCD9DD}") = "WindowsAzureSDKforIntuitAnywhereInstaller", "WindowsAzureSDKforIntuitAnywhereInstaller\WindowsAzureSDKforIntuitAnywhereInstaller.wixproj", "{F5B00DC3-C67E-469F-AF71-9CADF7C5B6EC}"
	ProjectSection(ProjectDependencies) = postProject
		{7B82F402-B99F-4ABF-A807-533C8FEAEAE9} = {7B82F402-B99F-4ABF-A807-533C8FEAEAE9}
		{EE49D2D8-74C9-4B75-A966-A32903ABA65E} = {EE49D2D8-74C9-4B75-A966-A32903ABA65E}
		{FAAC52F7-67C5-4D0E-95B3-FF4F60428483} = {FAAC52F7-67C5-4D0E-95B3-FF4F60428483}
	EndProjectSection
EndProject
Project("{2150E333-8FDC-42A3-9474-1A3956D46DE8}") = "Vs Templates", "Vs Templates", "{AEA707A3-347E-413F-A3F9-E5848AB0FC31}"
EndProject
Project("{2150E333-8FDC-42A3-9474-1A3956D46DE8}") = "Wix", "Wix", "{15EF55CB-B59C-4D9D-86A6-727EFE02D5EB}"
EndProject
Project("{2150E333-8FDC-42A3-9474-1A3956D46DE8}") = "Vsix Templates", "Vsix Templates", "{8B085711-1160-4519-B681-56097D79771B}"
EndProject
Project("{2150E333-8FDC-42A3-9474-1A3956D46DE8}") = "Addin", "Addin", "{9CA122A9-CF80-4D2B-898F-3C8B81C9F347}"
EndProject
Project("{FAE04EC0-301F-11D3-BF4B-00C04F79EFBC}") = "IntuitAnyWhereAddin", "..\AddIn\IntuitAnywhereAddin\IntuitAnyWhereAddin.csproj", "{7B82F402-B99F-4ABF-A807-533C8FEAEAE9}"
EndProject
Project("{FAE04EC0-301F-11D3-BF4B-00C04F79EFBC}") = "IntuitAnywhere Azure Web", "..\Template\ASPDotNet\IntuitAnywhereAzureWeb\IntuitAnywhere Azure Web.csproj", "{3E151BD2-8FF9-4623-941E-6B8BC77A709A}"
EndProject
Project("{FAE04EC0-301F-11D3-BF4B-00C04F79EFBC}") = "IntuitAnywhere Azure MVC", "..\Template\MVC\IntuitAnywhereAzureMVC\IntuitAnywhere Azure MVC.csproj", "{D74B0B72-FDE1-41BC-A7E7-C6BB7B33FD48}"
EndProject
Project("{FAE04EC0-301F-11D3-BF4B-00C04F79EFBC}") = "IAAzureMVCTemplate", "..\Template\MVC\IAAzureMVCTemplate\IAAzureMVCTemplate.csproj", "{EE49D2D8-74C9-4B75-A966-A32903ABA65E}"
	ProjectSection(ProjectDependencies) = postProject
		{D74B0B72-FDE1-41BC-A7E7-C6BB7B33FD48} = {D74B0B72-FDE1-41BC-A7E7-C6BB7B33FD48}
	EndProjectSection
EndProject
Project("{FAE04EC0-301F-11D3-BF4B-00C04F79EFBC}") = "IAAzureASPDotNetTemplate", "..\Template\ASPDotNet\IAAzureASPDotNetTemplate\IAAzureASPDotNetTemplate.csproj", "{FAAC52F7-67C5-4D0E-95B3-FF4F60428483}"
	ProjectSection(ProjectDependencies) = postProject
		{3E151BD2-8FF9-4623-941E-6B8BC77A709A} = {3E151BD2-8FF9-4623-941E-6B8BC77A709A}
	EndProjectSection
EndProject
Global
	GlobalSection(SolutionConfigurationPlatforms) = preSolution
		Debug|Any CPU = Debug|Any CPU
		Debug|Mixed Platforms = Debug|Mixed Platforms
		Debug|x86 = Debug|x86
		Release|Any CPU = Release|Any CPU
		Release|Mixed Platforms = Release|Mixed Platforms
		Release|x86 = Release|x86
	EndGlobalSection
	GlobalSection(ProjectConfigurationPlatforms) = postSolution
		{F5B00DC3-C67E-469F-AF71-9CADF7C5B6EC}.Debug|Any CPU.ActiveCfg = Debug|x86
		{F5B00DC3-C67E-469F-AF71-9CADF7C5B6EC}.Debug|Mixed Platforms.ActiveCfg = Debug|x86
		{F5B00DC3-C67E-469F-AF71-9CADF7C5B6EC}.Debug|Mixed Platforms.Build.0 = Debug|x86
		{F5B00DC3-C67E-469F-AF71-9CADF7C5B6EC}.Debug|x86.ActiveCfg = Debug|x86
		{F5B00DC3-C67E-469F-AF71-9CADF7C5B6EC}.Debug|x86.Build.0 = Debug|x86
		{F5B00DC3-C67E-469F-AF71-9CADF7C5B6EC}.Release|Any CPU.ActiveCfg = Release|x86
		{F5B00DC3-C67E-469F-AF71-9CADF7C5B6EC}.Release|Mixed Platforms.ActiveCfg = Release|x86
		{F5B00DC3-C67E-469F-AF71-9CADF7C5B6EC}.Release|Mixed Platforms.Build.0 = Release|x86
		{F5B00DC3-C67E-469F-AF71-9CADF7C5B6EC}.Release|x86.ActiveCfg = Release|x86
		{F5B00DC3-C67E-469F-AF71-9CADF7C5B6EC}.Release|x86.Build.0 = Release|x86
		{7B82F402-B99F-4ABF-A807-533C8FEAEAE9}.Debug|Any CPU.ActiveCfg = Debug|Any CPU
		{7B82F402-B99F-4ABF-A807-533C8FEAEAE9}.Debug|Any CPU.Build.0 = Debug|Any CPU
		{7B82F402-B99F-4ABF-A807-533C8FEAEAE9}.Debug|Mixed Platforms.ActiveCfg = Debug|Any CPU
		{7B82F402-B99F-4ABF-A807-533C8FEAEAE9}.Debug|Mixed Platforms.Build.0 = Debug|Any CPU
		{7B82F402-B99F-4ABF-A807-533C8FEAEAE9}.Debug|x86.ActiveCfg = Debug|Any CPU
		{7B82F402-B99F-4ABF-A807-533C8FEAEAE9}.Release|Any CPU.ActiveCfg = Release|Any CPU
		{7B82F402-B99F-4ABF-A807-533C8FEAEAE9}.Release|Any CPU.Build.0 = Release|Any CPU
		{7B82F402-B99F-4ABF-A807-533C8FEAEAE9}.Release|Mixed Platforms.ActiveCfg = Release|Any CPU
		{7B82F402-B99F-4ABF-A807-533C8FEAEAE9}.Release|Mixed Platforms.Build.0 = Release|Any CPU
		{7B82F402-B99F-4ABF-A807-533C8FEAEAE9}.Release|x86.ActiveCfg = Release|Any CPU
		{3E151BD2-8FF9-4623-941E-6B8BC77A709A}.Debug|Any CPU.ActiveCfg = Debug|Any CPU
		{3E151BD2-8FF9-4623-941E-6B8BC77A709A}.Debug|Any CPU.Build.0 = Debug|Any CPU
		{3E151BD2-8FF9-4623-941E-6B8BC77A709A}.Debug|Mixed Platforms.ActiveCfg = Debug|Any CPU
		{3E151BD2-8FF9-4623-941E-6B8BC77A709A}.Debug|Mixed Platforms.Build.0 = Debug|Any CPU
		{3E151BD2-8FF9-4623-941E-6B8BC77A709A}.Debug|x86.ActiveCfg = Debug|Any CPU
		{3E151BD2-8FF9-4623-941E-6B8BC77A709A}.Release|Any CPU.ActiveCfg = Release|Any CPU
		{3E151BD2-8FF9-4623-941E-6B8BC77A709A}.Release|Any CPU.Build.0 = Release|Any CPU
		{3E151BD2-8FF9-4623-941E-6B8BC77A709A}.Release|Mixed Platforms.ActiveCfg = Release|Any CPU
		{3E151BD2-8FF9-4623-941E-6B8BC77A709A}.Release|Mixed Platforms.Build.0 = Release|Any CPU
		{3E151BD2-8FF9-4623-941E-6B8BC77A709A}.Release|x86.ActiveCfg = Release|Any CPU
		{D74B0B72-FDE1-41BC-A7E7-C6BB7B33FD48}.Debug|Any CPU.ActiveCfg = Debug|Any CPU
		{D74B0B72-FDE1-41BC-A7E7-C6BB7B33FD48}.Debug|Any CPU.Build.0 = Debug|Any CPU
		{D74B0B72-FDE1-41BC-A7E7-C6BB7B33FD48}.Debug|Mixed Platforms.ActiveCfg = Debug|Any CPU
		{D74B0B72-FDE1-41BC-A7E7-C6BB7B33FD48}.Debug|Mixed Platforms.Build.0 = Debug|Any CPU
		{D74B0B72-FDE1-41BC-A7E7-C6BB7B33FD48}.Debug|x86.ActiveCfg = Debug|Any CPU
		{D74B0B72-FDE1-41BC-A7E7-C6BB7B33FD48}.Release|Any CPU.ActiveCfg = Release|Any CPU
		{D74B0B72-FDE1-41BC-A7E7-C6BB7B33FD48}.Release|Any CPU.Build.0 = Release|Any CPU
		{D74B0B72-FDE1-41BC-A7E7-C6BB7B33FD48}.Release|Mixed Platforms.ActiveCfg = Release|Any CPU
		{D74B0B72-FDE1-41BC-A7E7-C6BB7B33FD48}.Release|Mixed Platforms.Build.0 = Release|Any CPU
		{D74B0B72-FDE1-41BC-A7E7-C6BB7B33FD48}.Release|x86.ActiveCfg = Release|Any CPU
		{EE49D2D8-74C9-4B75-A966-A32903ABA65E}.Debug|Any CPU.ActiveCfg = Debug|Any CPU
		{EE49D2D8-74C9-4B75-A966-A32903ABA65E}.Debug|Any CPU.Build.0 = Debug|Any CPU
		{EE49D2D8-74C9-4B75-A966-A32903ABA65E}.Debug|Mixed Platforms.ActiveCfg = Debug|Any CPU
		{EE49D2D8-74C9-4B75-A966-A32903ABA65E}.Debug|Mixed Platforms.Build.0 = Debug|Any CPU
		{EE49D2D8-74C9-4B75-A966-A32903ABA65E}.Debug|x86.ActiveCfg = Debug|Any CPU
		{EE49D2D8-74C9-4B75-A966-A32903ABA65E}.Release|Any CPU.ActiveCfg = Release|Any CPU
		{EE49D2D8-74C9-4B75-A966-A32903ABA65E}.Release|Any CPU.Build.0 = Release|Any CPU
		{EE49D2D8-74C9-4B75-A966-A32903ABA65E}.Release|Mixed Platforms.ActiveCfg = Release|Any CPU
		{EE49D2D8-74C9-4B75-A966-A32903ABA65E}.Release|Mixed Platforms.Build.0 = Release|Any CPU
		{EE49D2D8-74C9-4B75-A966-A32903ABA65E}.Release|x86.ActiveCfg = Release|Any CPU
		{FAAC52F7-67C5-4D0E-95B3-FF4F60428483}.Debug|Any CPU.ActiveCfg = Debug|Any CPU
		{FAAC52F7-67C5-4D0E-95B3-FF4F60428483}.Debug|Any CPU.Build.0 = Debug|Any CPU
		{FAAC52F7-67C5-4D0E-95B3-FF4F60428483}.Debug|Mixed Platforms.ActiveCfg = Debug|Any CPU
		{FAAC52F7-67C5-4D0E-95B3-FF4F60428483}.Debug|Mixed Platforms.Build.0 = Debug|Any CPU
		{FAAC52F7-67C5-4D0E-95B3-FF4F60428483}.Debug|x86.ActiveCfg = Debug|Any CPU
		{FAAC52F7-67C5-4D0E-95B3-FF4F60428483}.Release|Any CPU.ActiveCfg = Release|Any CPU
		{FAAC52F7-67C5-4D0E-95B3-FF4F60428483}.Release|Any CPU.Build.0 = Release|Any CPU
		{FAAC52F7-67C5-4D0E-95B3-FF4F60428483}.Release|Mixed Platforms.ActiveCfg = Release|Any CPU
		{FAAC52F7-67C5-4D0E-95B3-FF4F60428483}.Release|Mixed Platforms.Build.0 = Release|Any CPU
		{FAAC52F7-67C5-4D0E-95B3-FF4F60428483}.Release|x86.ActiveCfg = Release|Any CPU
	EndGlobalSection
	GlobalSection(SolutionProperties) = preSolution
		HideSolutionNode = FALSE
	EndGlobalSection
	GlobalSection(NestedProjects) = preSolution
		{F5B00DC3-C67E-469F-AF71-9CADF7C5B6EC} = {15EF55CB-B59C-4D9D-86A6-727EFE02D5EB}
		{3E151BD2-8FF9-4623-941E-6B8BC77A709A} = {AEA707A3-347E-413F-A3F9-E5848AB0FC31}
		{D74B0B72-FDE1-41BC-A7E7-C6BB7B33FD48} = {AEA707A3-347E-413F-A3F9-E5848AB0FC31}
		{EE49D2D8-74C9-4B75-A966-A32903ABA65E} = {8B085711-1160-4519-B681-56097D79771B}
		{FAAC52F7-67C5-4D0E-95B3-FF4F60428483} = {8B085711-1160-4519-B681-56097D79771B}
		{7B82F402-B99F-4ABF-A807-533C8FEAEAE9} = {9CA122A9-CF80-4D2B-898F-3C8B81C9F347}
	EndGlobalSection
EndGlobal
